// !$*UTF8*$!
{
	archiveVersion = 1;
	classes = {
	};
	objectVersion = 56;
	objects = {

/* Begin PBXBuildFile section */
		E204C0F42C1E3E9A00688944 /* GoogleService-Info.plist in Resources */ = {isa = PBXBuildFile; fileRef = E204C0F32C1E3E9A00688944 /* GoogleService-Info.plist */; };
		E204C0F72C1E3EF700688944 /* FirebaseAnalytics in Frameworks */ = {isa = PBXBuildFile; productRef = E204C0F62C1E3EF700688944 /* FirebaseAnalytics */; };
		E204C0F92C1E3EF700688944 /* FirebaseAnalyticsOnDeviceConversion in Frameworks */ = {isa = PBXBuildFile; productRef = E204C0F82C1E3EF700688944 /* FirebaseAnalyticsOnDeviceConversion */; };
		E204C0FB2C1E3EF700688944 /* FirebaseAnalyticsSwift in Frameworks */ = {isa = PBXBuildFile; productRef = E204C0FA2C1E3EF700688944 /* FirebaseAnalyticsSwift */; };
		E204C0FD2C1E3EF700688944 /* FirebaseAnalyticsWithoutAdIdSupport in Frameworks */ = {isa = PBXBuildFile; productRef = E204C0FC2C1E3EF700688944 /* FirebaseAnalyticsWithoutAdIdSupport */; };
		E204C0FF2C1E3EF700688944 /* FirebaseAppCheck in Frameworks */ = {isa = PBXBuildFile; productRef = E204C0FE2C1E3EF700688944 /* FirebaseAppCheck */; };
		E204C1012C1E3EF700688944 /* FirebaseAppDistribution-Beta in Frameworks */ = {isa = PBXBuildFile; productRef = E204C1002C1E3EF700688944 /* FirebaseAppDistribution-Beta */; };
		E204C1032C1E3EF700688944 /* FirebaseAuth in Frameworks */ = {isa = PBXBuildFile; productRef = E204C1022C1E3EF700688944 /* FirebaseAuth */; };
		E204C1052C1E3EF700688944 /* FirebaseAuthCombine-Community in Frameworks */ = {isa = PBXBuildFile; productRef = E204C1042C1E3EF700688944 /* FirebaseAuthCombine-Community */; };
		E204C1072C1E3EF700688944 /* FirebaseDatabase in Frameworks */ = {isa = PBXBuildFile; productRef = E204C1062C1E3EF700688944 /* FirebaseDatabase */; };
		E204C1092C1E3EF700688944 /* FirebaseDatabaseSwift in Frameworks */ = {isa = PBXBuildFile; productRef = E204C1082C1E3EF700688944 /* FirebaseDatabaseSwift */; };
		E204C10B2C1E3EF700688944 /* FirebaseDynamicLinks in Frameworks */ = {isa = PBXBuildFile; productRef = E204C10A2C1E3EF700688944 /* FirebaseDynamicLinks */; };
		E204C10D2C1E3EF700688944 /* FirebaseFirestore in Frameworks */ = {isa = PBXBuildFile; productRef = E204C10C2C1E3EF700688944 /* FirebaseFirestore */; };
		E204C10F2C1E3EF700688944 /* FirebaseFirestoreCombine-Community in Frameworks */ = {isa = PBXBuildFile; productRef = E204C10E2C1E3EF700688944 /* FirebaseFirestoreCombine-Community */; };
		E204C1112C1E3EF700688944 /* FirebaseFirestoreSwift in Frameworks */ = {isa = PBXBuildFile; productRef = E204C1102C1E3EF700688944 /* FirebaseFirestoreSwift */; };
		E204C1132C1E3EF700688944 /* FirebaseFunctions in Frameworks */ = {isa = PBXBuildFile; productRef = E204C1122C1E3EF700688944 /* FirebaseFunctions */; };
		E204C1152C1E3EF700688944 /* FirebaseFunctionsCombine-Community in Frameworks */ = {isa = PBXBuildFile; productRef = E204C1142C1E3EF700688944 /* FirebaseFunctionsCombine-Community */; };
		E204C1172C1E3EF700688944 /* FirebaseInstallations in Frameworks */ = {isa = PBXBuildFile; productRef = E204C1162C1E3EF700688944 /* FirebaseInstallations */; };
		E204C1192C1E3EF700688944 /* FirebaseMLModelDownloader in Frameworks */ = {isa = PBXBuildFile; productRef = E204C1182C1E3EF700688944 /* FirebaseMLModelDownloader */; };
		E204C11B2C1E3EF700688944 /* FirebasePerformance in Frameworks */ = {isa = PBXBuildFile; productRef = E204C11A2C1E3EF700688944 /* FirebasePerformance */; };
		E204C11D2C1E3EF700688944 /* FirebaseStorage in Frameworks */ = {isa = PBXBuildFile; productRef = E204C11C2C1E3EF700688944 /* FirebaseStorage */; };
		E204C11F2C1E3EF700688944 /* FirebaseVertexAI-Preview in Frameworks */ = {isa = PBXBuildFile; productRef = E204C11E2C1E3EF700688944 /* FirebaseVertexAI-Preview */; };
		E204C1212C1E4B2000688944 /* UserService.swift in Sources */ = {isa = PBXBuildFile; fileRef = E204C1202C1E4B2000688944 /* UserService.swift */; };
		E2145EB02C27B4360085C94F /* CommentSection.swift in Sources */ = {isa = PBXBuildFile; fileRef = E2145EAF2C27B4360085C94F /* CommentSection.swift */; };
		E216EB0D2B4FA4D70006AB32 /* LocationDetail.swift in Sources */ = {isa = PBXBuildFile; fileRef = E216EB0C2B4FA4D70006AB32 /* LocationDetail.swift */; };
		E21E87172C291BAF0017D9CF /* TrendingView.swift in Sources */ = {isa = PBXBuildFile; fileRef = E21E87162C291BAF0017D9CF /* TrendingView.swift */; };
		E222D9052C27CCF400FA427D /* GradientEffectView.swift in Sources */ = {isa = PBXBuildFile; fileRef = E222D9042C27CCF400FA427D /* GradientEffectView.swift */; };
		E23021AC2C320CFA00435D6C /* Merge.swift in Sources */ = {isa = PBXBuildFile; fileRef = E23021AB2C320CFA00435D6C /* Merge.swift */; };
		E23154242C1E843F0026F3E8 /* AppleAuthManager.swift in Sources */ = {isa = PBXBuildFile; fileRef = E23154232C1E843F0026F3E8 /* AppleAuthManager.swift */; };
		E233E68A2B58E6200040E1B5 /* GoogleImageManager.swift in Sources */ = {isa = PBXBuildFile; fileRef = E233E6892B58E6200040E1B5 /* GoogleImageManager.swift */; };
		E23618662C1E63D9005AF3FB /* ProfileView.swift in Sources */ = {isa = PBXBuildFile; fileRef = E23618652C1E63D9005AF3FB /* ProfileView.swift */; };
		E23D30E02C1AC43700025363 /* ContentView.swift in Sources */ = {isa = PBXBuildFile; fileRef = E23D30DF2C1AC43700025363 /* ContentView.swift */; };
		E23D30E22C1AC45000025363 /* TabBarView.swift in Sources */ = {isa = PBXBuildFile; fileRef = E23D30E12C1AC45000025363 /* TabBarView.swift */; };
		E24A43AB2B4E2475006B1B2A /* Map.swift in Sources */ = {isa = PBXBuildFile; fileRef = E24A43AA2B4E2475006B1B2A /* Map.swift */; };
		E24A43AF2B4E2B5C006B1B2A /* OldLocation.swift in Sources */ = {isa = PBXBuildFile; fileRef = E24A43AE2B4E2B5C006B1B2A /* OldLocation.swift */; };
		E24A4D0D2C1DFCD8009D311C /* UserModel.swift in Sources */ = {isa = PBXBuildFile; fileRef = E24A4D0C2C1DFCD8009D311C /* UserModel.swift */; };
		E24A4D0F2C1DFCF3009D311C /* User.swift in Sources */ = {isa = PBXBuildFile; fileRef = E24A4D0E2C1DFCF3009D311C /* User.swift */; };
		E26F4DD72C1FE0260090D4CF /* Tip.swift in Sources */ = {isa = PBXBuildFile; fileRef = E26F4DD62C1FE0260090D4CF /* Tip.swift */; };
		E27395CC2B4E391200D70108 /* hauntedplaces.json in Resources */ = {isa = PBXBuildFile; fileRef = E27395CB2B4E391200D70108 /* hauntedplaces.json */; };
		E27395D22B4E59BB00D70108 /* LocationDetailView.swift in Sources */ = {isa = PBXBuildFile; fileRef = E27395D12B4E59BB00D70108 /* LocationDetailView.swift */; };
		E275B1092B784ADC0012BDF2 /* OldMap.swift in Sources */ = {isa = PBXBuildFile; fileRef = E275B1082B784ADC0012BDF2 /* OldMap.swift */; };
		E275B10B2B784B3E0012BDF2 /* ClusterManager.swift in Sources */ = {isa = PBXBuildFile; fileRef = E275B10A2B784B3E0012BDF2 /* ClusterManager.swift */; };
		E279044D2B64CFE40034939B /* BundleDecode.swift in Sources */ = {isa = PBXBuildFile; fileRef = E279044C2B64CFE40034939B /* BundleDecode.swift */; };
		E279044F2B64D0420034939B /* Buttons.swift in Sources */ = {isa = PBXBuildFile; fileRef = E279044E2B64D0420034939B /* Buttons.swift */; };
		E27904512B64D8240034939B /* SavedLocationView.swift in Sources */ = {isa = PBXBuildFile; fileRef = E27904502B64D8240034939B /* SavedLocationView.swift */; };
		E286FF882B560B4300C9782A /* ClusterMap in Frameworks */ = {isa = PBXBuildFile; productRef = E286FF872B560B4300C9782A /* ClusterMap */; };
		E286FF8A2B560B4300C9782A /* ClusterMapSwiftUI in Frameworks */ = {isa = PBXBuildFile; productRef = E286FF892B560B4300C9782A /* ClusterMapSwiftUI */; };
		E286FF912B5614D900C9782A /* SizeReader.swift in Sources */ = {isa = PBXBuildFile; fileRef = E286FF902B5614D900C9782A /* SizeReader.swift */; };
		E28A75DE2B5A460C00B6176A /* PreviewCardView.swift in Sources */ = {isa = PBXBuildFile; fileRef = E28A75DD2B5A460C00B6176A /* PreviewCardView.swift */; };
		E294BD742B50C4D900C5C39C /* GoogleResponse.swift in Sources */ = {isa = PBXBuildFile; fileRef = E294BD732B50C4D900C5C39C /* GoogleResponse.swift */; };
		E2A6C0762C1E38F800325471 /* Location.swift in Sources */ = {isa = PBXBuildFile; fileRef = E2A6C0752C1E38F700325471 /* Location.swift */; };
		E2B326AE2C1F978300B0D1B5 /* SubmitLocationDetailsView.swift in Sources */ = {isa = PBXBuildFile; fileRef = E2B326AD2C1F978300B0D1B5 /* SubmitLocationDetailsView.swift */; };
		E2B326B02C1F9BC300B0D1B5 /* PickCordView.swift in Sources */ = {isa = PBXBuildFile; fileRef = E2B326AF2C1F9BC300B0D1B5 /* PickCordView.swift */; };
		E2B326B22C1F9CFD00B0D1B5 /* SubmitLocationViewModel.swift in Sources */ = {isa = PBXBuildFile; fileRef = E2B326B12C1F9CFD00B0D1B5 /* SubmitLocationViewModel.swift */; };
		E2B326B42C1F9DE800B0D1B5 /* SubmitView.swift in Sources */ = {isa = PBXBuildFile; fileRef = E2B326B32C1F9DE800B0D1B5 /* SubmitView.swift */; };
		E2BC84252B54A568005681F9 /* SearchList.swift in Sources */ = {isa = PBXBuildFile; fileRef = E2BC84242B54A568005681F9 /* SearchList.swift */; };
		E2C76C072B4E14550080F669 /* CryptidCoordinatesApp.swift in Sources */ = {isa = PBXBuildFile; fileRef = E2C76C062B4E14550080F669 /* CryptidCoordinatesApp.swift */; };
		E2C76C0B2B4E14550080F669 /* Assets.xcassets in Resources */ = {isa = PBXBuildFile; fileRef = E2C76C0A2B4E14550080F669 /* Assets.xcassets */; };
		E2C76C0E2B4E14550080F669 /* Preview Assets.xcassets in Resources */ = {isa = PBXBuildFile; fileRef = E2C76C0D2B4E14550080F669 /* Preview Assets.xcassets */; };
		E2CB983A2C26771800FDD4F8 /* MenuBar.swift in Sources */ = {isa = PBXBuildFile; fileRef = E2CB98392C26771800FDD4F8 /* MenuBar.swift */; };
		E2D80E532C30B6D50077D763 /* LocationRequest.swift in Sources */ = {isa = PBXBuildFile; fileRef = E2D80E522C30B6D50077D763 /* LocationRequest.swift */; };
		E2D80E562C30DB750077D763 /* ProfilePictureView.swift in Sources */ = {isa = PBXBuildFile; fileRef = E2D80E552C30DB750077D763 /* ProfilePictureView.swift */; };
		E2D80E582C30EC2F0077D763 /* EditProfileView.swift in Sources */ = {isa = PBXBuildFile; fileRef = E2D80E572C30EC2F0077D763 /* EditProfileView.swift */; };
		E2D80E5A2C30F05F0077D763 /* ProfilePicture.swift in Sources */ = {isa = PBXBuildFile; fileRef = E2D80E592C30F05F0077D763 /* ProfilePicture.swift */; };
		E2DE85332B6DBB7500D1AF12 /* SavedLocations.swift in Sources */ = {isa = PBXBuildFile; fileRef = E2DE85322B6DBB7500D1AF12 /* SavedLocations.swift */; };
		E2DEA7362B79857800D71B8B /* LocationManager.swift in Sources */ = {isa = PBXBuildFile; fileRef = E2DEA7352B79857800D71B8B /* LocationManager.swift */; };
		E2ECE2EB2B53756600FA4BDB /* SearchListView.swift in Sources */ = {isa = PBXBuildFile; fileRef = E2ECE2EA2B53756600FA4BDB /* SearchListView.swift */; };
		E2EE30292C1D41B8007F74C6 /* HomeView.swift in Sources */ = {isa = PBXBuildFile; fileRef = E2EE30282C1D41B8007F74C6 /* HomeView.swift */; };
		E2EE302C2C1D4266007F74C6 /* ViewModel.swift in Sources */ = {isa = PBXBuildFile; fileRef = E2EE302B2C1D4266007F74C6 /* ViewModel.swift */; };
		E2EE302F2C1D4461007F74C6 /* FirebaseService.swift in Sources */ = {isa = PBXBuildFile; fileRef = E2EE302E2C1D4461007F74C6 /* FirebaseService.swift */; };
		E2EE30322C1D4F2A007F74C6 /* LocationPreviewView.swift in Sources */ = {isa = PBXBuildFile; fileRef = E2EE30312C1D4F2A007F74C6 /* LocationPreviewView.swift */; };
		E2EE30352C1D544F007F74C6 /* MapView.swift in Sources */ = {isa = PBXBuildFile; fileRef = E2EE30342C1D544F007F74C6 /* MapView.swift */; };
		E2EE30372C1D563F007F74C6 /* LandingView.swift in Sources */ = {isa = PBXBuildFile; fileRef = E2EE30362C1D563F007F74C6 /* LandingView.swift */; };
		E2F474DB2B74432900E3D474 /* MapAnnotationView.swift in Sources */ = {isa = PBXBuildFile; fileRef = E2F474DA2B74432900E3D474 /* MapAnnotationView.swift */; };
		E2F9E9572C2296CF00D74D31 /* Kingfisher in Frameworks */ = {isa = PBXBuildFile; productRef = E2F9E9562C2296CF00D74D31 /* Kingfisher */; };
		E2F9E9592C22A79100D74D31 /* CommentView.swift in Sources */ = {isa = PBXBuildFile; fileRef = E2F9E9582C22A79100D74D31 /* CommentView.swift */; };
		E2F9E95B2C22A84200D74D31 /* Comment.swift in Sources */ = {isa = PBXBuildFile; fileRef = E2F9E95A2C22A84200D74D31 /* Comment.swift */; };
/* End PBXBuildFile section */

/* Begin PBXFileReference section */
		E204C0F32C1E3E9A00688944 /* GoogleService-Info.plist */ = {isa = PBXFileReference; fileEncoding = 4; lastKnownFileType = text.plist.xml; path = "GoogleService-Info.plist"; sourceTree = "<group>"; };
		E204C1202C1E4B2000688944 /* UserService.swift */ = {isa = PBXFileReference; lastKnownFileType = sourcecode.swift; path = UserService.swift; sourceTree = "<group>"; };
		E2145EAF2C27B4360085C94F /* CommentSection.swift */ = {isa = PBXFileReference; lastKnownFileType = sourcecode.swift; path = CommentSection.swift; sourceTree = "<group>"; };
		E216EB0C2B4FA4D70006AB32 /* LocationDetail.swift */ = {isa = PBXFileReference; lastKnownFileType = sourcecode.swift; path = LocationDetail.swift; sourceTree = "<group>"; };
		E21E87162C291BAF0017D9CF /* TrendingView.swift */ = {isa = PBXFileReference; lastKnownFileType = sourcecode.swift; path = TrendingView.swift; sourceTree = "<group>"; };
		E222D9042C27CCF400FA427D /* GradientEffectView.swift */ = {isa = PBXFileReference; lastKnownFileType = sourcecode.swift; path = GradientEffectView.swift; sourceTree = "<group>"; };
		E23021AB2C320CFA00435D6C /* Merge.swift */ = {isa = PBXFileReference; lastKnownFileType = sourcecode.swift; path = Merge.swift; sourceTree = "<group>"; };
		E23154232C1E843F0026F3E8 /* AppleAuthManager.swift */ = {isa = PBXFileReference; lastKnownFileType = sourcecode.swift; path = AppleAuthManager.swift; sourceTree = "<group>"; };
		E233E6892B58E6200040E1B5 /* GoogleImageManager.swift */ = {isa = PBXFileReference; lastKnownFileType = sourcecode.swift; path = GoogleImageManager.swift; sourceTree = "<group>"; };
		E23618652C1E63D9005AF3FB /* ProfileView.swift */ = {isa = PBXFileReference; lastKnownFileType = sourcecode.swift; path = ProfileView.swift; sourceTree = "<group>"; };
		E23D30DF2C1AC43700025363 /* ContentView.swift */ = {isa = PBXFileReference; lastKnownFileType = sourcecode.swift; path = ContentView.swift; sourceTree = "<group>"; };
		E23D30E12C1AC45000025363 /* TabBarView.swift */ = {isa = PBXFileReference; lastKnownFileType = sourcecode.swift; path = TabBarView.swift; sourceTree = "<group>"; };
		E24A43AA2B4E2475006B1B2A /* Map.swift */ = {isa = PBXFileReference; lastKnownFileType = sourcecode.swift; path = Map.swift; sourceTree = "<group>"; };
		E24A43AE2B4E2B5C006B1B2A /* OldLocation.swift */ = {isa = PBXFileReference; lastKnownFileType = sourcecode.swift; path = OldLocation.swift; sourceTree = "<group>"; };
		E24A4D0C2C1DFCD8009D311C /* UserModel.swift */ = {isa = PBXFileReference; lastKnownFileType = sourcecode.swift; path = UserModel.swift; sourceTree = "<group>"; };
		E24A4D0E2C1DFCF3009D311C /* User.swift */ = {isa = PBXFileReference; lastKnownFileType = sourcecode.swift; path = User.swift; sourceTree = "<group>"; };
		E26F4DD62C1FE0260090D4CF /* Tip.swift */ = {isa = PBXFileReference; lastKnownFileType = sourcecode.swift; path = Tip.swift; sourceTree = "<group>"; };
		E27395CB2B4E391200D70108 /* hauntedplaces.json */ = {isa = PBXFileReference; fileEncoding = 4; lastKnownFileType = text.json; path = hauntedplaces.json; sourceTree = "<group>"; };
		E27395D12B4E59BB00D70108 /* LocationDetailView.swift */ = {isa = PBXFileReference; lastKnownFileType = sourcecode.swift; path = LocationDetailView.swift; sourceTree = "<group>"; };
		E275B1082B784ADC0012BDF2 /* OldMap.swift */ = {isa = PBXFileReference; lastKnownFileType = sourcecode.swift; path = OldMap.swift; sourceTree = "<group>"; };
		E275B10A2B784B3E0012BDF2 /* ClusterManager.swift */ = {isa = PBXFileReference; lastKnownFileType = sourcecode.swift; path = ClusterManager.swift; sourceTree = "<group>"; };
		E279044C2B64CFE40034939B /* BundleDecode.swift */ = {isa = PBXFileReference; lastKnownFileType = sourcecode.swift; path = BundleDecode.swift; sourceTree = "<group>"; };
		E279044E2B64D0420034939B /* Buttons.swift */ = {isa = PBXFileReference; lastKnownFileType = sourcecode.swift; path = Buttons.swift; sourceTree = "<group>"; };
		E27904502B64D8240034939B /* SavedLocationView.swift */ = {isa = PBXFileReference; lastKnownFileType = sourcecode.swift; path = SavedLocationView.swift; sourceTree = "<group>"; };
		E286FF902B5614D900C9782A /* SizeReader.swift */ = {isa = PBXFileReference; lastKnownFileType = sourcecode.swift; path = SizeReader.swift; sourceTree = "<group>"; };
		E28A75DD2B5A460C00B6176A /* PreviewCardView.swift */ = {isa = PBXFileReference; lastKnownFileType = sourcecode.swift; path = PreviewCardView.swift; sourceTree = "<group>"; };
		E294BD732B50C4D900C5C39C /* GoogleResponse.swift */ = {isa = PBXFileReference; lastKnownFileType = sourcecode.swift; path = GoogleResponse.swift; sourceTree = "<group>"; };
		E2A6C0752C1E38F700325471 /* Location.swift */ = {isa = PBXFileReference; lastKnownFileType = sourcecode.swift; path = Location.swift; sourceTree = "<group>"; };
		E2B326AD2C1F978300B0D1B5 /* SubmitLocationDetailsView.swift */ = {isa = PBXFileReference; lastKnownFileType = sourcecode.swift; path = SubmitLocationDetailsView.swift; sourceTree = "<group>"; };
		E2B326AF2C1F9BC300B0D1B5 /* PickCordView.swift */ = {isa = PBXFileReference; lastKnownFileType = sourcecode.swift; path = PickCordView.swift; sourceTree = "<group>"; };
		E2B326B12C1F9CFD00B0D1B5 /* SubmitLocationViewModel.swift */ = {isa = PBXFileReference; lastKnownFileType = sourcecode.swift; path = SubmitLocationViewModel.swift; sourceTree = "<group>"; };
		E2B326B32C1F9DE800B0D1B5 /* SubmitView.swift */ = {isa = PBXFileReference; lastKnownFileType = sourcecode.swift; path = SubmitView.swift; sourceTree = "<group>"; };
		E2B7EF5F2C1E7D5500581F74 /* CryptidCoordinates.entitlements */ = {isa = PBXFileReference; lastKnownFileType = text.plist.entitlements; path = CryptidCoordinates.entitlements; sourceTree = "<group>"; };
		E2BC84242B54A568005681F9 /* SearchList.swift */ = {isa = PBXFileReference; lastKnownFileType = sourcecode.swift; path = SearchList.swift; sourceTree = "<group>"; };
		E2C76C032B4E14550080F669 /* CryptidCoordinates.app */ = {isa = PBXFileReference; explicitFileType = wrapper.application; includeInIndex = 0; path = CryptidCoordinates.app; sourceTree = BUILT_PRODUCTS_DIR; };
		E2C76C062B4E14550080F669 /* CryptidCoordinatesApp.swift */ = {isa = PBXFileReference; lastKnownFileType = sourcecode.swift; path = CryptidCoordinatesApp.swift; sourceTree = "<group>"; };
		E2C76C0A2B4E14550080F669 /* Assets.xcassets */ = {isa = PBXFileReference; lastKnownFileType = folder.assetcatalog; path = Assets.xcassets; sourceTree = "<group>"; };
		E2C76C0D2B4E14550080F669 /* Preview Assets.xcassets */ = {isa = PBXFileReference; lastKnownFileType = folder.assetcatalog; path = "Preview Assets.xcassets"; sourceTree = "<group>"; };
		E2CB98392C26771800FDD4F8 /* MenuBar.swift */ = {isa = PBXFileReference; lastKnownFileType = sourcecode.swift; path = MenuBar.swift; sourceTree = "<group>"; };
		E2D80E522C30B6D50077D763 /* LocationRequest.swift */ = {isa = PBXFileReference; lastKnownFileType = sourcecode.swift; path = LocationRequest.swift; sourceTree = "<group>"; };
		E2D80E552C30DB750077D763 /* ProfilePictureView.swift */ = {isa = PBXFileReference; lastKnownFileType = sourcecode.swift; path = ProfilePictureView.swift; sourceTree = "<group>"; };
		E2D80E572C30EC2F0077D763 /* EditProfileView.swift */ = {isa = PBXFileReference; lastKnownFileType = sourcecode.swift; path = EditProfileView.swift; sourceTree = "<group>"; };
		E2D80E592C30F05F0077D763 /* ProfilePicture.swift */ = {isa = PBXFileReference; lastKnownFileType = sourcecode.swift; path = ProfilePicture.swift; sourceTree = "<group>"; };
		E2DE85322B6DBB7500D1AF12 /* SavedLocations.swift */ = {isa = PBXFileReference; lastKnownFileType = sourcecode.swift; path = SavedLocations.swift; sourceTree = "<group>"; };
		E2DEA7352B79857800D71B8B /* LocationManager.swift */ = {isa = PBXFileReference; lastKnownFileType = sourcecode.swift; path = LocationManager.swift; sourceTree = "<group>"; };
		E2ECE2EA2B53756600FA4BDB /* SearchListView.swift */ = {isa = PBXFileReference; lastKnownFileType = sourcecode.swift; path = SearchListView.swift; sourceTree = "<group>"; };
		E2EE30282C1D41B8007F74C6 /* HomeView.swift */ = {isa = PBXFileReference; lastKnownFileType = sourcecode.swift; path = HomeView.swift; sourceTree = "<group>"; };
		E2EE302B2C1D4266007F74C6 /* ViewModel.swift */ = {isa = PBXFileReference; lastKnownFileType = sourcecode.swift; path = ViewModel.swift; sourceTree = "<group>"; };
		E2EE302E2C1D4461007F74C6 /* FirebaseService.swift */ = {isa = PBXFileReference; lastKnownFileType = sourcecode.swift; path = FirebaseService.swift; sourceTree = "<group>"; };
		E2EE30312C1D4F2A007F74C6 /* LocationPreviewView.swift */ = {isa = PBXFileReference; lastKnownFileType = sourcecode.swift; path = LocationPreviewView.swift; sourceTree = "<group>"; };
		E2EE30342C1D544F007F74C6 /* MapView.swift */ = {isa = PBXFileReference; lastKnownFileType = sourcecode.swift; path = MapView.swift; sourceTree = "<group>"; };
		E2EE30362C1D563F007F74C6 /* LandingView.swift */ = {isa = PBXFileReference; lastKnownFileType = sourcecode.swift; path = LandingView.swift; sourceTree = "<group>"; };
		E2F474DA2B74432900E3D474 /* MapAnnotationView.swift */ = {isa = PBXFileReference; lastKnownFileType = sourcecode.swift; path = MapAnnotationView.swift; sourceTree = "<group>"; };
		E2F9E9582C22A79100D74D31 /* CommentView.swift */ = {isa = PBXFileReference; lastKnownFileType = sourcecode.swift; path = CommentView.swift; sourceTree = "<group>"; };
		E2F9E95A2C22A84200D74D31 /* Comment.swift */ = {isa = PBXFileReference; lastKnownFileType = sourcecode.swift; path = Comment.swift; sourceTree = "<group>"; };
/* End PBXFileReference section */

/* Begin PBXFrameworksBuildPhase section */
		E2C76C002B4E14550080F669 /* Frameworks */ = {
			isa = PBXFrameworksBuildPhase;
			buildActionMask = 2147483647;
			files = (
				E204C1132C1E3EF700688944 /* FirebaseFunctions in Frameworks */,
				E204C1092C1E3EF700688944 /* FirebaseDatabaseSwift in Frameworks */,
				E286FF8A2B560B4300C9782A /* ClusterMapSwiftUI in Frameworks */,
				E204C0FD2C1E3EF700688944 /* FirebaseAnalyticsWithoutAdIdSupport in Frameworks */,
				E204C10F2C1E3EF700688944 /* FirebaseFirestoreCombine-Community in Frameworks */,
				E286FF882B560B4300C9782A /* ClusterMap in Frameworks */,
				E204C0F72C1E3EF700688944 /* FirebaseAnalytics in Frameworks */,
				E204C1192C1E3EF700688944 /* FirebaseMLModelDownloader in Frameworks */,
				E204C1032C1E3EF700688944 /* FirebaseAuth in Frameworks */,
				E204C1172C1E3EF700688944 /* FirebaseInstallations in Frameworks */,
				E204C1112C1E3EF700688944 /* FirebaseFirestoreSwift in Frameworks */,
				E204C0FF2C1E3EF700688944 /* FirebaseAppCheck in Frameworks */,
				E2F9E9572C2296CF00D74D31 /* Kingfisher in Frameworks */,
				E204C0F92C1E3EF700688944 /* FirebaseAnalyticsOnDeviceConversion in Frameworks */,
				E204C1152C1E3EF700688944 /* FirebaseFunctionsCombine-Community in Frameworks */,
				E204C11B2C1E3EF700688944 /* FirebasePerformance in Frameworks */,
				E204C0FB2C1E3EF700688944 /* FirebaseAnalyticsSwift in Frameworks */,
				E204C1072C1E3EF700688944 /* FirebaseDatabase in Frameworks */,
				E204C1012C1E3EF700688944 /* FirebaseAppDistribution-Beta in Frameworks */,
				E204C1052C1E3EF700688944 /* FirebaseAuthCombine-Community in Frameworks */,
				E204C11D2C1E3EF700688944 /* FirebaseStorage in Frameworks */,
				E204C10B2C1E3EF700688944 /* FirebaseDynamicLinks in Frameworks */,
				E204C11F2C1E3EF700688944 /* FirebaseVertexAI-Preview in Frameworks */,
				E204C10D2C1E3EF700688944 /* FirebaseFirestore in Frameworks */,
			);
			runOnlyForDeploymentPostprocessing = 0;
		};
/* End PBXFrameworksBuildPhase section */

/* Begin PBXGroup section */
		E2145EB12C27B6C30085C94F /* Comments */ = {
			isa = PBXGroup;
			children = (
				E2F9E9582C22A79100D74D31 /* CommentView.swift */,
				E2145EAF2C27B4360085C94F /* CommentSection.swift */,
			);
			path = Comments;
			sourceTree = "<group>";
		};
		E21E87182C291ED00017D9CF /* Location */ = {
			isa = PBXGroup;
			children = (
				E27395D12B4E59BB00D70108 /* LocationDetailView.swift */,
				E2EE30312C1D4F2A007F74C6 /* LocationPreviewView.swift */,
			);
			path = Location;
			sourceTree = "<group>";
		};
		E222D9032C27CCE000FA427D /* LandingPage */ = {
			isa = PBXGroup;
			children = (
				E2EE30362C1D563F007F74C6 /* LandingView.swift */,
				E222D9042C27CCF400FA427D /* GradientEffectView.swift */,
			);
			path = LandingPage;
			sourceTree = "<group>";
		};
		E233E68B2B58E6320040E1B5 /* Data */ = {
			isa = PBXGroup;
			children = (
				E2F9E95A2C22A84200D74D31 /* Comment.swift */,
				E294BD732B50C4D900C5C39C /* GoogleResponse.swift */,
				E2A6C0752C1E38F700325471 /* Location.swift */,
				E2D80E522C30B6D50077D763 /* LocationRequest.swift */,
				E2D80E592C30F05F0077D763 /* ProfilePicture.swift */,
				E26F4DD62C1FE0260090D4CF /* Tip.swift */,
				E24A4D0E2C1DFCF3009D311C /* User.swift */,
			);
			path = Data;
			sourceTree = "<group>";
		};
		E23618642C1E63D1005AF3FB /* Profile */ = {
			isa = PBXGroup;
			children = (
				E23618652C1E63D9005AF3FB /* ProfileView.swift */,
				E2D80E572C30EC2F0077D763 /* EditProfileView.swift */,
			);
			path = Profile;
			sourceTree = "<group>";
		};
		E23D30DE2C1AC42C00025363 /* App */ = {
			isa = PBXGroup;
			children = (
				E2C76C062B4E14550080F669 /* CryptidCoordinatesApp.swift */,
			);
			path = App;
			sourceTree = "<group>";
		};
		E27904492B64CE990034939B /* Styles */ = {
			isa = PBXGroup;
			children = (
				E279044E2B64D0420034939B /* Buttons.swift */,
			);
			path = Styles;
			sourceTree = "<group>";
		};
		E2B256472C1BEEB200BD41E0 /* Old */ = {
			isa = PBXGroup;
			children = (
				E24A43AE2B4E2B5C006B1B2A /* OldLocation.swift */,
				E27395CB2B4E391200D70108 /* hauntedplaces.json */,
				E279044C2B64CFE40034939B /* BundleDecode.swift */,
				E2C6BA232B58C72700CDB792 /* Managers */,
				E27904492B64CE990034939B /* Styles */,
				E2C76C162B4E157B0080F669 /* ViewModels */,
			);
			path = Old;
			sourceTree = "<group>";
		};
		E2B326AC2C1F977900B0D1B5 /* SubmitLocation */ = {
			isa = PBXGroup;
			children = (
				E2B326AD2C1F978300B0D1B5 /* SubmitLocationDetailsView.swift */,
				E2B326AF2C1F9BC300B0D1B5 /* PickCordView.swift */,
				E2B326B32C1F9DE800B0D1B5 /* SubmitView.swift */,
			);
			path = SubmitLocation;
			sourceTree = "<group>";
		};
		E2C6BA232B58C72700CDB792 /* Managers */ = {
			isa = PBXGroup;
			children = (
				E275B10A2B784B3E0012BDF2 /* ClusterManager.swift */,
				E233E6892B58E6200040E1B5 /* GoogleImageManager.swift */,
				E286FF902B5614D900C9782A /* SizeReader.swift */,
				E2DEA7352B79857800D71B8B /* LocationManager.swift */,
			);
			path = Managers;
			sourceTree = "<group>";
		};
		E2C76BFA2B4E14550080F669 = {
			isa = PBXGroup;
			children = (
				E204C0F32C1E3E9A00688944 /* GoogleService-Info.plist */,
				E2C76C052B4E14550080F669 /* CryptidCoordinates */,
				E2C76C0A2B4E14550080F669 /* Assets.xcassets */,
				E2C76C042B4E14550080F669 /* Products */,
			);
			sourceTree = "<group>";
		};
		E2C76C042B4E14550080F669 /* Products */ = {
			isa = PBXGroup;
			children = (
				E2C76C032B4E14550080F669 /* CryptidCoordinates.app */,
			);
			name = Products;
			sourceTree = "<group>";
		};
		E2C76C052B4E14550080F669 /* CryptidCoordinates */ = {
			isa = PBXGroup;
			children = (
				E2C76C182B4E15940080F669 /* OldViews */,
				E2B7EF5F2C1E7D5500581F74 /* CryptidCoordinates.entitlements */,
				E23D30DE2C1AC42C00025363 /* App */,
				E2EE30272C1D417F007F74C6 /* Model */,
				E2EE302D2C1D4428007F74C6 /* Service */,
				E2EE30262C1D4169007F74C6 /* View */,
				E23D30DF2C1AC43700025363 /* ContentView.swift */,
				E23D30E12C1AC45000025363 /* TabBarView.swift */,
				E23021AB2C320CFA00435D6C /* Merge.swift */,
				E2C76C0C2B4E14550080F669 /* Preview Content */,
			);
			path = CryptidCoordinates;
			sourceTree = "<group>";
		};
		E2C76C0C2B4E14550080F669 /* Preview Content */ = {
			isa = PBXGroup;
			children = (
				E2C76C0D2B4E14550080F669 /* Preview Assets.xcassets */,
			);
			path = "Preview Content";
			sourceTree = "<group>";
		};
		E2C76C162B4E157B0080F669 /* ViewModels */ = {
			isa = PBXGroup;
			children = (
				E24A43AA2B4E2475006B1B2A /* Map.swift */,
				E216EB0C2B4FA4D70006AB32 /* LocationDetail.swift */,
				E2BC84242B54A568005681F9 /* SearchList.swift */,
				E2DE85322B6DBB7500D1AF12 /* SavedLocations.swift */,
			);
			path = ViewModels;
			sourceTree = "<group>";
		};
		E2C76C182B4E15940080F669 /* OldViews */ = {
			isa = PBXGroup;
			children = (
				E2B256472C1BEEB200BD41E0 /* Old */,
				E275B1082B784ADC0012BDF2 /* OldMap.swift */,
				E28A75DD2B5A460C00B6176A /* PreviewCardView.swift */,
				E2ECE2EA2B53756600FA4BDB /* SearchListView.swift */,
				E27904502B64D8240034939B /* SavedLocationView.swift */,
				E2F474DA2B74432900E3D474 /* MapAnnotationView.swift */,
			);
			path = OldViews;
			sourceTree = "<group>";
		};
		E2D80E542C30DB4A0077D763 /* Components */ = {
			isa = PBXGroup;
			children = (
				E2D80E552C30DB750077D763 /* ProfilePictureView.swift */,
			);
			path = Components;
			sourceTree = "<group>";
		};
		E2EE30262C1D4169007F74C6 /* View */ = {
			isa = PBXGroup;
			children = (
				E2145EB12C27B6C30085C94F /* Comments */,
				E2D80E542C30DB4A0077D763 /* Components */,
				E2EE30302C1D4F1B007F74C6 /* Home */,
				E222D9032C27CCE000FA427D /* LandingPage */,
				E21E87182C291ED00017D9CF /* Location */,
				E2EE30332C1D53A1007F74C6 /* Map */,
				E23618642C1E63D1005AF3FB /* Profile */,
				E2B326AC2C1F977900B0D1B5 /* SubmitLocation */,
			);
			path = View;
			sourceTree = "<group>";
		};
		E2EE30272C1D417F007F74C6 /* Model */ = {
			isa = PBXGroup;
			children = (
				E233E68B2B58E6320040E1B5 /* Data */,
				E2EE302B2C1D4266007F74C6 /* ViewModel.swift */,
				E2B326B12C1F9CFD00B0D1B5 /* SubmitLocationViewModel.swift */,
				E24A4D0C2C1DFCD8009D311C /* UserModel.swift */,
			);
			path = Model;
			sourceTree = "<group>";
		};
		E2EE302D2C1D4428007F74C6 /* Service */ = {
			isa = PBXGroup;
			children = (
				E2EE302E2C1D4461007F74C6 /* FirebaseService.swift */,
				E204C1202C1E4B2000688944 /* UserService.swift */,
				E23154232C1E843F0026F3E8 /* AppleAuthManager.swift */,
			);
			path = Service;
			sourceTree = "<group>";
		};
		E2EE30302C1D4F1B007F74C6 /* Home */ = {
			isa = PBXGroup;
			children = (
				E2EE30282C1D41B8007F74C6 /* HomeView.swift */,
				E2CB98392C26771800FDD4F8 /* MenuBar.swift */,
				E21E87162C291BAF0017D9CF /* TrendingView.swift */,
			);
			path = Home;
			sourceTree = "<group>";
		};
		E2EE30332C1D53A1007F74C6 /* Map */ = {
			isa = PBXGroup;
			children = (
				E2EE30342C1D544F007F74C6 /* MapView.swift */,
			);
			path = Map;
			sourceTree = "<group>";
		};
/* End PBXGroup section */

/* Begin PBXNativeTarget section */
		E2C76C022B4E14550080F669 /* CryptidCoordinates */ = {
			isa = PBXNativeTarget;
			buildConfigurationList = E2C76C112B4E14550080F669 /* Build configuration list for PBXNativeTarget "CryptidCoordinates" */;
			buildPhases = (
				E2C76BFF2B4E14550080F669 /* Sources */,
				E2C76C002B4E14550080F669 /* Frameworks */,
				E2C76C012B4E14550080F669 /* Resources */,
			);
			buildRules = (
			);
			dependencies = (
			);
			name = CryptidCoordinates;
			packageProductDependencies = (
				E286FF872B560B4300C9782A /* ClusterMap */,
				E286FF892B560B4300C9782A /* ClusterMapSwiftUI */,
				E204C0F62C1E3EF700688944 /* FirebaseAnalytics */,
				E204C0F82C1E3EF700688944 /* FirebaseAnalyticsOnDeviceConversion */,
				E204C0FA2C1E3EF700688944 /* FirebaseAnalyticsSwift */,
				E204C0FC2C1E3EF700688944 /* FirebaseAnalyticsWithoutAdIdSupport */,
				E204C0FE2C1E3EF700688944 /* FirebaseAppCheck */,
				E204C1002C1E3EF700688944 /* FirebaseAppDistribution-Beta */,
				E204C1022C1E3EF700688944 /* FirebaseAuth */,
				E204C1042C1E3EF700688944 /* FirebaseAuthCombine-Community */,
				E204C1062C1E3EF700688944 /* FirebaseDatabase */,
				E204C1082C1E3EF700688944 /* FirebaseDatabaseSwift */,
				E204C10A2C1E3EF700688944 /* FirebaseDynamicLinks */,
				E204C10C2C1E3EF700688944 /* FirebaseFirestore */,
				E204C10E2C1E3EF700688944 /* FirebaseFirestoreCombine-Community */,
				E204C1102C1E3EF700688944 /* FirebaseFirestoreSwift */,
				E204C1122C1E3EF700688944 /* FirebaseFunctions */,
				E204C1142C1E3EF700688944 /* FirebaseFunctionsCombine-Community */,
				E204C1162C1E3EF700688944 /* FirebaseInstallations */,
				E204C1182C1E3EF700688944 /* FirebaseMLModelDownloader */,
				E204C11A2C1E3EF700688944 /* FirebasePerformance */,
				E204C11C2C1E3EF700688944 /* FirebaseStorage */,
				E204C11E2C1E3EF700688944 /* FirebaseVertexAI-Preview */,
				E2F9E9562C2296CF00D74D31 /* Kingfisher */,
			);
			productName = CryptidCoordinates;
			productReference = E2C76C032B4E14550080F669 /* CryptidCoordinates.app */;
			productType = "com.apple.product-type.application";
		};
/* End PBXNativeTarget section */

/* Begin PBXProject section */
		E2C76BFB2B4E14550080F669 /* Project object */ = {
			isa = PBXProject;
			attributes = {
				BuildIndependentTargetsInParallel = 1;
				LastSwiftUpdateCheck = 1500;
				LastUpgradeCheck = 1500;
				TargetAttributes = {
					E2C76C022B4E14550080F669 = {
						CreatedOnToolsVersion = 15.0.1;
					};
				};
			};
			buildConfigurationList = E2C76BFE2B4E14550080F669 /* Build configuration list for PBXProject "CryptidCoordinates" */;
			compatibilityVersion = "Xcode 14.0";
			developmentRegion = en;
			hasScannedForEncodings = 0;
			knownRegions = (
				en,
				Base,
			);
			mainGroup = E2C76BFA2B4E14550080F669;
			packageReferences = (
				E286FF862B560B4300C9782A /* XCRemoteSwiftPackageReference "ClusterMap" */,
				E204C0F52C1E3EF700688944 /* XCRemoteSwiftPackageReference "firebase-ios-sdk" */,
				E2F9E9552C2296CF00D74D31 /* XCRemoteSwiftPackageReference "Kingfisher" */,
			);
			productRefGroup = E2C76C042B4E14550080F669 /* Products */;
			projectDirPath = "";
			projectRoot = "";
			targets = (
				E2C76C022B4E14550080F669 /* CryptidCoordinates */,
			);
		};
/* End PBXProject section */

/* Begin PBXResourcesBuildPhase section */
		E2C76C012B4E14550080F669 /* Resources */ = {
			isa = PBXResourcesBuildPhase;
			buildActionMask = 2147483647;
			files = (
				E2C76C0E2B4E14550080F669 /* Preview Assets.xcassets in Resources */,
				E2C76C0B2B4E14550080F669 /* Assets.xcassets in Resources */,
				E27395CC2B4E391200D70108 /* hauntedplaces.json in Resources */,
				E204C0F42C1E3E9A00688944 /* GoogleService-Info.plist in Resources */,
			);
			runOnlyForDeploymentPostprocessing = 0;
		};
/* End PBXResourcesBuildPhase section */

/* Begin PBXSourcesBuildPhase section */
		E2C76BFF2B4E14550080F669 /* Sources */ = {
			isa = PBXSourcesBuildPhase;
			buildActionMask = 2147483647;
			files = (
				E24A43AB2B4E2475006B1B2A /* Map.swift in Sources */,
				E216EB0D2B4FA4D70006AB32 /* LocationDetail.swift in Sources */,
				E24A4D0D2C1DFCD8009D311C /* UserModel.swift in Sources */,
				E2145EB02C27B4360085C94F /* CommentSection.swift in Sources */,
				E275B1092B784ADC0012BDF2 /* OldMap.swift in Sources */,
				E294BD742B50C4D900C5C39C /* GoogleResponse.swift in Sources */,
				E28A75DE2B5A460C00B6176A /* PreviewCardView.swift in Sources */,
				E2EE30292C1D41B8007F74C6 /* HomeView.swift in Sources */,
				E27395D22B4E59BB00D70108 /* LocationDetailView.swift in Sources */,
				E24A4D0F2C1DFCF3009D311C /* User.swift in Sources */,
				E23D30E02C1AC43700025363 /* ContentView.swift in Sources */,
				E286FF912B5614D900C9782A /* SizeReader.swift in Sources */,
				E26F4DD72C1FE0260090D4CF /* Tip.swift in Sources */,
				E2EE30372C1D563F007F74C6 /* LandingView.swift in Sources */,
				E2EE30322C1D4F2A007F74C6 /* LocationPreviewView.swift in Sources */,
				E204C1212C1E4B2000688944 /* UserService.swift in Sources */,
				E275B10B2B784B3E0012BDF2 /* ClusterManager.swift in Sources */,
				E2CB983A2C26771800FDD4F8 /* MenuBar.swift in Sources */,
				E2D80E582C30EC2F0077D763 /* EditProfileView.swift in Sources */,
				E2EE302F2C1D4461007F74C6 /* FirebaseService.swift in Sources */,
				E233E68A2B58E6200040E1B5 /* GoogleImageManager.swift in Sources */,
				E2B326B02C1F9BC300B0D1B5 /* PickCordView.swift in Sources */,
				E2C76C072B4E14550080F669 /* CryptidCoordinatesApp.swift in Sources */,
				E2EE302C2C1D4266007F74C6 /* ViewModel.swift in Sources */,
				E2B326B42C1F9DE800B0D1B5 /* SubmitView.swift in Sources */,
				E2ECE2EB2B53756600FA4BDB /* SearchListView.swift in Sources */,
				E2DE85332B6DBB7500D1AF12 /* SavedLocations.swift in Sources */,
				E2EE30352C1D544F007F74C6 /* MapView.swift in Sources */,
				E2D80E5A2C30F05F0077D763 /* ProfilePicture.swift in Sources */,
				E2B326B22C1F9CFD00B0D1B5 /* SubmitLocationViewModel.swift in Sources */,
				E24A43AF2B4E2B5C006B1B2A /* OldLocation.swift in Sources */,
				E23021AC2C320CFA00435D6C /* Merge.swift in Sources */,
				E2F9E9592C22A79100D74D31 /* CommentView.swift in Sources */,
				E2A6C0762C1E38F800325471 /* Location.swift in Sources */,
				E2BC84252B54A568005681F9 /* SearchList.swift in Sources */,
				E222D9052C27CCF400FA427D /* GradientEffectView.swift in Sources */,
				E279044F2B64D0420034939B /* Buttons.swift in Sources */,
				E23D30E22C1AC45000025363 /* TabBarView.swift in Sources */,
				E21E87172C291BAF0017D9CF /* TrendingView.swift in Sources */,
				E27904512B64D8240034939B /* SavedLocationView.swift in Sources */,
				E2D80E532C30B6D50077D763 /* LocationRequest.swift in Sources */,
				E279044D2B64CFE40034939B /* BundleDecode.swift in Sources */,
				E2D80E562C30DB750077D763 /* ProfilePictureView.swift in Sources */,
				E2DEA7362B79857800D71B8B /* LocationManager.swift in Sources */,
				E2F9E95B2C22A84200D74D31 /* Comment.swift in Sources */,
				E23618662C1E63D9005AF3FB /* ProfileView.swift in Sources */,
				E2F474DB2B74432900E3D474 /* MapAnnotationView.swift in Sources */,
				E23154242C1E843F0026F3E8 /* AppleAuthManager.swift in Sources */,
				E2B326AE2C1F978300B0D1B5 /* SubmitLocationDetailsView.swift in Sources */,
			);
			runOnlyForDeploymentPostprocessing = 0;
		};
/* End PBXSourcesBuildPhase section */

/* Begin XCBuildConfiguration section */
		E2C76C0F2B4E14550080F669 /* Debug */ = {
			isa = XCBuildConfiguration;
			buildSettings = {
				ALWAYS_SEARCH_USER_PATHS = NO;
				ASSETCATALOG_COMPILER_GENERATE_SWIFT_ASSET_SYMBOL_EXTENSIONS = YES;
				CLANG_ANALYZER_NONNULL = YES;
				CLANG_ANALYZER_NUMBER_OBJECT_CONVERSION = YES_AGGRESSIVE;
				CLANG_CXX_LANGUAGE_STANDARD = "gnu++20";
				CLANG_ENABLE_MODULES = YES;
				CLANG_ENABLE_OBJC_ARC = YES;
				CLANG_ENABLE_OBJC_WEAK = YES;
				CLANG_WARN_BLOCK_CAPTURE_AUTORELEASING = YES;
				CLANG_WARN_BOOL_CONVERSION = YES;
				CLANG_WARN_COMMA = YES;
				CLANG_WARN_CONSTANT_CONVERSION = YES;
				CLANG_WARN_DEPRECATED_OBJC_IMPLEMENTATIONS = YES;
				CLANG_WARN_DIRECT_OBJC_ISA_USAGE = YES_ERROR;
				CLANG_WARN_DOCUMENTATION_COMMENTS = YES;
				CLANG_WARN_EMPTY_BODY = YES;
				CLANG_WARN_ENUM_CONVERSION = YES;
				CLANG_WARN_INFINITE_RECURSION = YES;
				CLANG_WARN_INT_CONVERSION = YES;
				CLANG_WARN_NON_LITERAL_NULL_CONVERSION = YES;
				CLANG_WARN_OBJC_IMPLICIT_RETAIN_SELF = YES;
				CLANG_WARN_OBJC_LITERAL_CONVERSION = YES;
				CLANG_WARN_OBJC_ROOT_CLASS = YES_ERROR;
				CLANG_WARN_QUOTED_INCLUDE_IN_FRAMEWORK_HEADER = YES;
				CLANG_WARN_RANGE_LOOP_ANALYSIS = YES;
				CLANG_WARN_STRICT_PROTOTYPES = YES;
				CLANG_WARN_SUSPICIOUS_MOVE = YES;
				CLANG_WARN_UNGUARDED_AVAILABILITY = YES_AGGRESSIVE;
				CLANG_WARN_UNREACHABLE_CODE = YES;
				CLANG_WARN__DUPLICATE_METHOD_MATCH = YES;
				COPY_PHASE_STRIP = NO;
				DEBUG_INFORMATION_FORMAT = dwarf;
				ENABLE_STRICT_OBJC_MSGSEND = YES;
				ENABLE_TESTABILITY = YES;
				ENABLE_USER_SCRIPT_SANDBOXING = YES;
				GCC_C_LANGUAGE_STANDARD = gnu17;
				GCC_DYNAMIC_NO_PIC = NO;
				GCC_NO_COMMON_BLOCKS = YES;
				GCC_OPTIMIZATION_LEVEL = 0;
				GCC_PREPROCESSOR_DEFINITIONS = (
					"DEBUG=1",
					"$(inherited)",
				);
				GCC_WARN_64_TO_32_BIT_CONVERSION = YES;
				GCC_WARN_ABOUT_RETURN_TYPE = YES_ERROR;
				GCC_WARN_UNDECLARED_SELECTOR = YES;
				GCC_WARN_UNINITIALIZED_AUTOS = YES_AGGRESSIVE;
				GCC_WARN_UNUSED_FUNCTION = YES;
				GCC_WARN_UNUSED_VARIABLE = YES;
				IPHONEOS_DEPLOYMENT_TARGET = 17.0;
				LOCALIZATION_PREFERS_STRING_CATALOGS = YES;
				MTL_ENABLE_DEBUG_INFO = INCLUDE_SOURCE;
				MTL_FAST_MATH = YES;
				ONLY_ACTIVE_ARCH = YES;
				SDKROOT = iphoneos;
				SWIFT_ACTIVE_COMPILATION_CONDITIONS = "DEBUG $(inherited)";
				SWIFT_OPTIMIZATION_LEVEL = "-Onone";
			};
			name = Debug;
		};
		E2C76C102B4E14550080F669 /* Release */ = {
			isa = XCBuildConfiguration;
			buildSettings = {
				ALWAYS_SEARCH_USER_PATHS = NO;
				ASSETCATALOG_COMPILER_GENERATE_SWIFT_ASSET_SYMBOL_EXTENSIONS = YES;
				CLANG_ANALYZER_NONNULL = YES;
				CLANG_ANALYZER_NUMBER_OBJECT_CONVERSION = YES_AGGRESSIVE;
				CLANG_CXX_LANGUAGE_STANDARD = "gnu++20";
				CLANG_ENABLE_MODULES = YES;
				CLANG_ENABLE_OBJC_ARC = YES;
				CLANG_ENABLE_OBJC_WEAK = YES;
				CLANG_WARN_BLOCK_CAPTURE_AUTORELEASING = YES;
				CLANG_WARN_BOOL_CONVERSION = YES;
				CLANG_WARN_COMMA = YES;
				CLANG_WARN_CONSTANT_CONVERSION = YES;
				CLANG_WARN_DEPRECATED_OBJC_IMPLEMENTATIONS = YES;
				CLANG_WARN_DIRECT_OBJC_ISA_USAGE = YES_ERROR;
				CLANG_WARN_DOCUMENTATION_COMMENTS = YES;
				CLANG_WARN_EMPTY_BODY = YES;
				CLANG_WARN_ENUM_CONVERSION = YES;
				CLANG_WARN_INFINITE_RECURSION = YES;
				CLANG_WARN_INT_CONVERSION = YES;
				CLANG_WARN_NON_LITERAL_NULL_CONVERSION = YES;
				CLANG_WARN_OBJC_IMPLICIT_RETAIN_SELF = YES;
				CLANG_WARN_OBJC_LITERAL_CONVERSION = YES;
				CLANG_WARN_OBJC_ROOT_CLASS = YES_ERROR;
				CLANG_WARN_QUOTED_INCLUDE_IN_FRAMEWORK_HEADER = YES;
				CLANG_WARN_RANGE_LOOP_ANALYSIS = YES;
				CLANG_WARN_STRICT_PROTOTYPES = YES;
				CLANG_WARN_SUSPICIOUS_MOVE = YES;
				CLANG_WARN_UNGUARDED_AVAILABILITY = YES_AGGRESSIVE;
				CLANG_WARN_UNREACHABLE_CODE = YES;
				CLANG_WARN__DUPLICATE_METHOD_MATCH = YES;
				COPY_PHASE_STRIP = NO;
				DEBUG_INFORMATION_FORMAT = "dwarf-with-dsym";
				ENABLE_NS_ASSERTIONS = NO;
				ENABLE_STRICT_OBJC_MSGSEND = YES;
				ENABLE_USER_SCRIPT_SANDBOXING = YES;
				GCC_C_LANGUAGE_STANDARD = gnu17;
				GCC_NO_COMMON_BLOCKS = YES;
				GCC_WARN_64_TO_32_BIT_CONVERSION = YES;
				GCC_WARN_ABOUT_RETURN_TYPE = YES_ERROR;
				GCC_WARN_UNDECLARED_SELECTOR = YES;
				GCC_WARN_UNINITIALIZED_AUTOS = YES_AGGRESSIVE;
				GCC_WARN_UNUSED_FUNCTION = YES;
				GCC_WARN_UNUSED_VARIABLE = YES;
				IPHONEOS_DEPLOYMENT_TARGET = 17.0;
				LOCALIZATION_PREFERS_STRING_CATALOGS = YES;
				MTL_ENABLE_DEBUG_INFO = NO;
				MTL_FAST_MATH = YES;
				SDKROOT = iphoneos;
				SWIFT_COMPILATION_MODE = wholemodule;
				VALIDATE_PRODUCT = YES;
			};
			name = Release;
		};
		E2C76C122B4E14550080F669 /* Debug */ = {
			isa = XCBuildConfiguration;
			buildSettings = {
				ASSETCATALOG_COMPILER_APPICON_NAME = AppIcon;
				ASSETCATALOG_COMPILER_GLOBAL_ACCENT_COLOR_NAME = AccentColor;
				CODE_SIGN_ENTITLEMENTS = CryptidCoordinates/CryptidCoordinates.entitlements;
				CODE_SIGN_IDENTITY = "Apple Development";
				CODE_SIGN_STYLE = Automatic;
				CURRENT_PROJECT_VERSION = 2;
				DEVELOPMENT_ASSET_PATHS = "\"CryptidCoordinates/Preview Content\"";
				DEVELOPMENT_TEAM = 94GUNU2NWX;
				ENABLE_PREVIEWS = YES;
				GENERATE_INFOPLIST_FILE = YES;
				INFOPLIST_FILE = CryptidCoordinates/Info.plist;
				INFOPLIST_KEY_NSLocationWhenInUseUsageDescription = "View haunted locations near your current location.";
				INFOPLIST_KEY_UIApplicationSceneManifest_Generation = YES;
				INFOPLIST_KEY_UIApplicationSupportsIndirectInputEvents = YES;
				INFOPLIST_KEY_UILaunchScreen_Generation = YES;
				INFOPLIST_KEY_UISupportedInterfaceOrientations_iPad = "UIInterfaceOrientationPortrait UIInterfaceOrientationPortraitUpsideDown UIInterfaceOrientationLandscapeLeft UIInterfaceOrientationLandscapeRight";
				INFOPLIST_KEY_UISupportedInterfaceOrientations_iPhone = "UIInterfaceOrientationPortrait UIInterfaceOrientationLandscapeLeft UIInterfaceOrientationLandscapeRight";
				LD_RUNPATH_SEARCH_PATHS = (
					"$(inherited)",
					"@executable_path/Frameworks",
				);
				MARKETING_VERSION = 1.1;
				PRODUCT_BUNDLE_IDENTIFIER = com.noahgiboney.CryptidCoordinates;
				PRODUCT_NAME = "$(TARGET_NAME)";
				PROVISIONING_PROFILE_SPECIFIER = "";
				SWIFT_EMIT_LOC_STRINGS = YES;
				SWIFT_VERSION = 5.0;
				TARGETED_DEVICE_FAMILY = "1,2";
			};
			name = Debug;
		};
		E2C76C132B4E14550080F669 /* Release */ = {
			isa = XCBuildConfiguration;
			buildSettings = {
				ASSETCATALOG_COMPILER_APPICON_NAME = AppIcon;
				ASSETCATALOG_COMPILER_GLOBAL_ACCENT_COLOR_NAME = AccentColor;
				CODE_SIGN_ENTITLEMENTS = CryptidCoordinates/CryptidCoordinates.entitlements;
				CODE_SIGN_IDENTITY = "Apple Development";
				CODE_SIGN_STYLE = Automatic;
				CURRENT_PROJECT_VERSION = 2;
				DEVELOPMENT_ASSET_PATHS = "\"CryptidCoordinates/Preview Content\"";
				DEVELOPMENT_TEAM = 94GUNU2NWX;
				ENABLE_PREVIEWS = YES;
				GENERATE_INFOPLIST_FILE = YES;
				INFOPLIST_FILE = CryptidCoordinates/Info.plist;
				INFOPLIST_KEY_NSLocationWhenInUseUsageDescription = "View haunted locations near your current location.";
				INFOPLIST_KEY_UIApplicationSceneManifest_Generation = YES;
				INFOPLIST_KEY_UIApplicationSupportsIndirectInputEvents = YES;
				INFOPLIST_KEY_UILaunchScreen_Generation = YES;
				INFOPLIST_KEY_UISupportedInterfaceOrientations_iPad = "UIInterfaceOrientationPortrait UIInterfaceOrientationPortraitUpsideDown UIInterfaceOrientationLandscapeLeft UIInterfaceOrientationLandscapeRight";
				INFOPLIST_KEY_UISupportedInterfaceOrientations_iPhone = "UIInterfaceOrientationPortrait UIInterfaceOrientationLandscapeLeft UIInterfaceOrientationLandscapeRight";
				LD_RUNPATH_SEARCH_PATHS = (
					"$(inherited)",
					"@executable_path/Frameworks",
				);
				MARKETING_VERSION = 1.1;
				PRODUCT_BUNDLE_IDENTIFIER = com.noahgiboney.CryptidCoordinates;
				PRODUCT_NAME = "$(TARGET_NAME)";
				PROVISIONING_PROFILE_SPECIFIER = "";
				SWIFT_EMIT_LOC_STRINGS = YES;
				SWIFT_VERSION = 5.0;
				TARGETED_DEVICE_FAMILY = "1,2";
			};
			name = Release;
		};
/* End XCBuildConfiguration section */

/* Begin XCConfigurationList section */
		E2C76BFE2B4E14550080F669 /* Build configuration list for PBXProject "CryptidCoordinates" */ = {
			isa = XCConfigurationList;
			buildConfigurations = (
				E2C76C0F2B4E14550080F669 /* Debug */,
				E2C76C102B4E14550080F669 /* Release */,
			);
			defaultConfigurationIsVisible = 0;
			defaultConfigurationName = Release;
		};
		E2C76C112B4E14550080F669 /* Build configuration list for PBXNativeTarget "CryptidCoordinates" */ = {
			isa = XCConfigurationList;
			buildConfigurations = (
				E2C76C122B4E14550080F669 /* Debug */,
				E2C76C132B4E14550080F669 /* Release */,
			);
			defaultConfigurationIsVisible = 0;
			defaultConfigurationName = Release;
		};
/* End XCConfigurationList section */

/* Begin XCRemoteSwiftPackageReference section */
		E204C0F52C1E3EF700688944 /* XCRemoteSwiftPackageReference "firebase-ios-sdk" */ = {
			isa = XCRemoteSwiftPackageReference;
			repositoryURL = "https://github.com/firebase/firebase-ios-sdk";
			requirement = {
				kind = upToNextMajorVersion;
				minimumVersion = 10.27.0;
			};
		};
		E286FF862B560B4300C9782A /* XCRemoteSwiftPackageReference "ClusterMap" */ = {
			isa = XCRemoteSwiftPackageReference;
			repositoryURL = "https://github.com/vospennikov/ClusterMap.git";
			requirement = {
				kind = upToNextMajorVersion;
				minimumVersion = 2.1.0;
			};
		};
		E2F9E9552C2296CF00D74D31 /* XCRemoteSwiftPackageReference "Kingfisher" */ = {
			isa = XCRemoteSwiftPackageReference;
			repositoryURL = "https://github.com/onevcat/Kingfisher.git";
			requirement = {
				kind = upToNextMajorVersion;
				minimumVersion = 7.12.0;
			};
		};
/* End XCRemoteSwiftPackageReference section */

/* Begin XCSwiftPackageProductDependency section */
		E204C0F62C1E3EF700688944 /* FirebaseAnalytics */ = {
			isa = XCSwiftPackageProductDependency;
			package = E204C0F52C1E3EF700688944 /* XCRemoteSwiftPackageReference "firebase-ios-sdk" */;
			productName = FirebaseAnalytics;
		};
		E204C0F82C1E3EF700688944 /* FirebaseAnalyticsOnDeviceConversion */ = {
			isa = XCSwiftPackageProductDependency;
			package = E204C0F52C1E3EF700688944 /* XCRemoteSwiftPackageReference "firebase-ios-sdk" */;
			productName = FirebaseAnalyticsOnDeviceConversion;
		};
		E204C0FA2C1E3EF700688944 /* FirebaseAnalyticsSwift */ = {
			isa = XCSwiftPackageProductDependency;
			package = E204C0F52C1E3EF700688944 /* XCRemoteSwiftPackageReference "firebase-ios-sdk" */;
			productName = FirebaseAnalyticsSwift;
		};
		E204C0FC2C1E3EF700688944 /* FirebaseAnalyticsWithoutAdIdSupport */ = {
			isa = XCSwiftPackageProductDependency;
			package = E204C0F52C1E3EF700688944 /* XCRemoteSwiftPackageReference "firebase-ios-sdk" */;
			productName = FirebaseAnalyticsWithoutAdIdSupport;
		};
		E204C0FE2C1E3EF700688944 /* FirebaseAppCheck */ = {
			isa = XCSwiftPackageProductDependency;
			package = E204C0F52C1E3EF700688944 /* XCRemoteSwiftPackageReference "firebase-ios-sdk" */;
			productName = FirebaseAppCheck;
		};
		E204C1002C1E3EF700688944 /* FirebaseAppDistribution-Beta */ = {
			isa = XCSwiftPackageProductDependency;
			package = E204C0F52C1E3EF700688944 /* XCRemoteSwiftPackageReference "firebase-ios-sdk" */;
			productName = "FirebaseAppDistribution-Beta";
		};
		E204C1022C1E3EF700688944 /* FirebaseAuth */ = {
			isa = XCSwiftPackageProductDependency;
			package = E204C0F52C1E3EF700688944 /* XCRemoteSwiftPackageReference "firebase-ios-sdk" */;
			productName = FirebaseAuth;
		};
		E204C1042C1E3EF700688944 /* FirebaseAuthCombine-Community */ = {
			isa = XCSwiftPackageProductDependency;
			package = E204C0F52C1E3EF700688944 /* XCRemoteSwiftPackageReference "firebase-ios-sdk" */;
			productName = "FirebaseAuthCombine-Community";
		};
		E204C1062C1E3EF700688944 /* FirebaseDatabase */ = {
			isa = XCSwiftPackageProductDependency;
			package = E204C0F52C1E3EF700688944 /* XCRemoteSwiftPackageReference "firebase-ios-sdk" */;
			productName = FirebaseDatabase;
		};
		E204C1082C1E3EF700688944 /* FirebaseDatabaseSwift */ = {
			isa = XCSwiftPackageProductDependency;
			package = E204C0F52C1E3EF700688944 /* XCRemoteSwiftPackageReference "firebase-ios-sdk" */;
			productName = FirebaseDatabaseSwift;
		};
		E204C10A2C1E3EF700688944 /* FirebaseDynamicLinks */ = {
			isa = XCSwiftPackageProductDependency;
			package = E204C0F52C1E3EF700688944 /* XCRemoteSwiftPackageReference "firebase-ios-sdk" */;
			productName = FirebaseDynamicLinks;
		};
		E204C10C2C1E3EF700688944 /* FirebaseFirestore */ = {
			isa = XCSwiftPackageProductDependency;
			package = E204C0F52C1E3EF700688944 /* XCRemoteSwiftPackageReference "firebase-ios-sdk" */;
			productName = FirebaseFirestore;
		};
		E204C10E2C1E3EF700688944 /* FirebaseFirestoreCombine-Community */ = {
			isa = XCSwiftPackageProductDependency;
			package = E204C0F52C1E3EF700688944 /* XCRemoteSwiftPackageReference "firebase-ios-sdk" */;
			productName = "FirebaseFirestoreCombine-Community";
		};
		E204C1102C1E3EF700688944 /* FirebaseFirestoreSwift */ = {
			isa = XCSwiftPackageProductDependency;
			package = E204C0F52C1E3EF700688944 /* XCRemoteSwiftPackageReference "firebase-ios-sdk" */;
			productName = FirebaseFirestoreSwift;
		};
		E204C1122C1E3EF700688944 /* FirebaseFunctions */ = {
			isa = XCSwiftPackageProductDependency;
			package = E204C0F52C1E3EF700688944 /* XCRemoteSwiftPackageReference "firebase-ios-sdk" */;
			productName = FirebaseFunctions;
		};
		E204C1142C1E3EF700688944 /* FirebaseFunctionsCombine-Community */ = {
			isa = XCSwiftPackageProductDependency;
			package = E204C0F52C1E3EF700688944 /* XCRemoteSwiftPackageReference "firebase-ios-sdk" */;
			productName = "FirebaseFunctionsCombine-Community";
		};
		E204C1162C1E3EF700688944 /* FirebaseInstallations */ = {
			isa = XCSwiftPackageProductDependency;
			package = E204C0F52C1E3EF700688944 /* XCRemoteSwiftPackageReference "firebase-ios-sdk" */;
			productName = FirebaseInstallations;
		};
		E204C1182C1E3EF700688944 /* FirebaseMLModelDownloader */ = {
			isa = XCSwiftPackageProductDependency;
			package = E204C0F52C1E3EF700688944 /* XCRemoteSwiftPackageReference "firebase-ios-sdk" */;
			productName = FirebaseMLModelDownloader;
		};
		E204C11A2C1E3EF700688944 /* FirebasePerformance */ = {
			isa = XCSwiftPackageProductDependency;
			package = E204C0F52C1E3EF700688944 /* XCRemoteSwiftPackageReference "firebase-ios-sdk" */;
			productName = FirebasePerformance;
		};
		E204C11C2C1E3EF700688944 /* FirebaseStorage */ = {
			isa = XCSwiftPackageProductDependency;
			package = E204C0F52C1E3EF700688944 /* XCRemoteSwiftPackageReference "firebase-ios-sdk" */;
			productName = FirebaseStorage;
		};
		E204C11E2C1E3EF700688944 /* FirebaseVertexAI-Preview */ = {
			isa = XCSwiftPackageProductDependency;
			package = E204C0F52C1E3EF700688944 /* XCRemoteSwiftPackageReference "firebase-ios-sdk" */;
			productName = "FirebaseVertexAI-Preview";
		};
		E286FF872B560B4300C9782A /* ClusterMap */ = {
			isa = XCSwiftPackageProductDependency;
			package = E286FF862B560B4300C9782A /* XCRemoteSwiftPackageReference "ClusterMap" */;
			productName = ClusterMap;
		};
		E286FF892B560B4300C9782A /* ClusterMapSwiftUI */ = {
			isa = XCSwiftPackageProductDependency;
			package = E286FF862B560B4300C9782A /* XCRemoteSwiftPackageReference "ClusterMap" */;
			productName = ClusterMapSwiftUI;
		};
		E2F9E9562C2296CF00D74D31 /* Kingfisher */ = {
			isa = XCSwiftPackageProductDependency;
			package = E2F9E9552C2296CF00D74D31 /* XCRemoteSwiftPackageReference "Kingfisher" */;
			productName = Kingfisher;
		};
/* End XCSwiftPackageProductDependency section */
	};
	rootObject = E2C76BFB2B4E14550080F669 /* Project object */;
}
