// !$*UTF8*$!
{
	archiveVersion = 1;
	classes = {
	};
	objectVersion = 56;
	objects = {

/* Begin PBXBuildFile section */
		E216EB0D2B4FA4D70006AB32 /* LocationDetail.swift in Sources */ = {isa = PBXBuildFile; fileRef = E216EB0C2B4FA4D70006AB32 /* LocationDetail.swift */; };
		E22D10E62B57436500BD4A8C /* MapClusterView.swift in Sources */ = {isa = PBXBuildFile; fileRef = E22D10E52B57436500BD4A8C /* MapClusterView.swift */; };
		E233E68A2B58E6200040E1B5 /* GoogleImageManager.swift in Sources */ = {isa = PBXBuildFile; fileRef = E233E6892B58E6200040E1B5 /* GoogleImageManager.swift */; };
		E24A43AB2B4E2475006B1B2A /* Map.swift in Sources */ = {isa = PBXBuildFile; fileRef = E24A43AA2B4E2475006B1B2A /* Map.swift */; };
		E24A43AF2B4E2B5C006B1B2A /* HauntedLocation.swift in Sources */ = {isa = PBXBuildFile; fileRef = E24A43AE2B4E2B5C006B1B2A /* HauntedLocation.swift */; };
		E27395CC2B4E391200D70108 /* hauntedplaces.json in Resources */ = {isa = PBXBuildFile; fileRef = E27395CB2B4E391200D70108 /* hauntedplaces.json */; };
		E27395D22B4E59BB00D70108 /* LocationDetailView.swift in Sources */ = {isa = PBXBuildFile; fileRef = E27395D12B4E59BB00D70108 /* LocationDetailView.swift */; };
		E279044D2B64CFE40034939B /* BundleDecode.swift in Sources */ = {isa = PBXBuildFile; fileRef = E279044C2B64CFE40034939B /* BundleDecode.swift */; };
		E279044F2B64D0420034939B /* Buttons.swift in Sources */ = {isa = PBXBuildFile; fileRef = E279044E2B64D0420034939B /* Buttons.swift */; };
		E27904512B64D8240034939B /* SavedLocationView.swift in Sources */ = {isa = PBXBuildFile; fileRef = E27904502B64D8240034939B /* SavedLocationView.swift */; };
		E286FF852B56049300C9782A /* MapAnnotationView.swift in Sources */ = {isa = PBXBuildFile; fileRef = E286FF842B56049300C9782A /* MapAnnotationView.swift */; };
		E286FF882B560B4300C9782A /* ClusterMap in Frameworks */ = {isa = PBXBuildFile; productRef = E286FF872B560B4300C9782A /* ClusterMap */; };
		E286FF8A2B560B4300C9782A /* ClusterMapSwiftUI in Frameworks */ = {isa = PBXBuildFile; productRef = E286FF892B560B4300C9782A /* ClusterMapSwiftUI */; };
		E286FF8C2B56109F00C9782A /* MapView.swift in Sources */ = {isa = PBXBuildFile; fileRef = E286FF8B2B56109F00C9782A /* MapView.swift */; };
		E286FF8E2B5610A500C9782A /* ClusterManager.swift in Sources */ = {isa = PBXBuildFile; fileRef = E286FF8D2B5610A500C9782A /* ClusterManager.swift */; };
		E286FF912B5614D900C9782A /* SizeReader.swift in Sources */ = {isa = PBXBuildFile; fileRef = E286FF902B5614D900C9782A /* SizeReader.swift */; };
		E28A75DE2B5A460C00B6176A /* PreviewView.swift in Sources */ = {isa = PBXBuildFile; fileRef = E28A75DD2B5A460C00B6176A /* PreviewView.swift */; };
		E294BD742B50C4D900C5C39C /* GoogleData.swift in Sources */ = {isa = PBXBuildFile; fileRef = E294BD732B50C4D900C5C39C /* GoogleData.swift */; };
		E2BC84252B54A568005681F9 /* SearchList.swift in Sources */ = {isa = PBXBuildFile; fileRef = E2BC84242B54A568005681F9 /* SearchList.swift */; };
		E2C76C072B4E14550080F669 /* CryptidCoordinatesApp.swift in Sources */ = {isa = PBXBuildFile; fileRef = E2C76C062B4E14550080F669 /* CryptidCoordinatesApp.swift */; };
		E2C76C0B2B4E14550080F669 /* Assets.xcassets in Resources */ = {isa = PBXBuildFile; fileRef = E2C76C0A2B4E14550080F669 /* Assets.xcassets */; };
		E2C76C0E2B4E14550080F669 /* Preview Assets.xcassets in Resources */ = {isa = PBXBuildFile; fileRef = E2C76C0D2B4E14550080F669 /* Preview Assets.xcassets */; };
		E2DE85332B6DBB7500D1AF12 /* SavedLocations.swift in Sources */ = {isa = PBXBuildFile; fileRef = E2DE85322B6DBB7500D1AF12 /* SavedLocations.swift */; };
		E2ECE2EB2B53756600FA4BDB /* SearchListView.swift in Sources */ = {isa = PBXBuildFile; fileRef = E2ECE2EA2B53756600FA4BDB /* SearchListView.swift */; };
/* End PBXBuildFile section */

/* Begin PBXFileReference section */
		E216EB0C2B4FA4D70006AB32 /* LocationDetail.swift */ = {isa = PBXFileReference; lastKnownFileType = sourcecode.swift; path = LocationDetail.swift; sourceTree = "<group>"; };
		E22D10E52B57436500BD4A8C /* MapClusterView.swift */ = {isa = PBXFileReference; lastKnownFileType = sourcecode.swift; path = MapClusterView.swift; sourceTree = "<group>"; };
		E233E6892B58E6200040E1B5 /* GoogleImageManager.swift */ = {isa = PBXFileReference; lastKnownFileType = sourcecode.swift; path = GoogleImageManager.swift; sourceTree = "<group>"; };
		E24A43AA2B4E2475006B1B2A /* Map.swift */ = {isa = PBXFileReference; lastKnownFileType = sourcecode.swift; path = Map.swift; sourceTree = "<group>"; };
		E24A43AE2B4E2B5C006B1B2A /* HauntedLocation.swift */ = {isa = PBXFileReference; lastKnownFileType = sourcecode.swift; path = HauntedLocation.swift; sourceTree = "<group>"; };
		E27395CB2B4E391200D70108 /* hauntedplaces.json */ = {isa = PBXFileReference; fileEncoding = 4; lastKnownFileType = text.json; path = hauntedplaces.json; sourceTree = "<group>"; };
		E27395D12B4E59BB00D70108 /* LocationDetailView.swift */ = {isa = PBXFileReference; lastKnownFileType = sourcecode.swift; path = LocationDetailView.swift; sourceTree = "<group>"; };
		E279044C2B64CFE40034939B /* BundleDecode.swift */ = {isa = PBXFileReference; lastKnownFileType = sourcecode.swift; path = BundleDecode.swift; sourceTree = "<group>"; };
		E279044E2B64D0420034939B /* Buttons.swift */ = {isa = PBXFileReference; lastKnownFileType = sourcecode.swift; path = Buttons.swift; sourceTree = "<group>"; };
		E27904502B64D8240034939B /* SavedLocationView.swift */ = {isa = PBXFileReference; lastKnownFileType = sourcecode.swift; path = SavedLocationView.swift; sourceTree = "<group>"; };
		E286FF842B56049300C9782A /* MapAnnotationView.swift */ = {isa = PBXFileReference; lastKnownFileType = sourcecode.swift; name = MapAnnotationView.swift; path = ../../MapAnnotationView.swift; sourceTree = "<group>"; };
		E286FF8B2B56109F00C9782A /* MapView.swift */ = {isa = PBXFileReference; lastKnownFileType = sourcecode.swift; path = MapView.swift; sourceTree = "<group>"; };
		E286FF8D2B5610A500C9782A /* ClusterManager.swift */ = {isa = PBXFileReference; lastKnownFileType = sourcecode.swift; path = ClusterManager.swift; sourceTree = "<group>"; };
		E286FF902B5614D900C9782A /* SizeReader.swift */ = {isa = PBXFileReference; lastKnownFileType = sourcecode.swift; path = SizeReader.swift; sourceTree = "<group>"; };
		E28A75DD2B5A460C00B6176A /* PreviewView.swift */ = {isa = PBXFileReference; lastKnownFileType = sourcecode.swift; path = PreviewView.swift; sourceTree = "<group>"; };
		E294BD732B50C4D900C5C39C /* GoogleData.swift */ = {isa = PBXFileReference; lastKnownFileType = sourcecode.swift; path = GoogleData.swift; sourceTree = "<group>"; };
		E2BC84242B54A568005681F9 /* SearchList.swift */ = {isa = PBXFileReference; lastKnownFileType = sourcecode.swift; path = SearchList.swift; sourceTree = "<group>"; };
		E2C76C032B4E14550080F669 /* CryptidCoordinates.app */ = {isa = PBXFileReference; explicitFileType = wrapper.application; includeInIndex = 0; path = CryptidCoordinates.app; sourceTree = BUILT_PRODUCTS_DIR; };
		E2C76C062B4E14550080F669 /* CryptidCoordinatesApp.swift */ = {isa = PBXFileReference; lastKnownFileType = sourcecode.swift; path = CryptidCoordinatesApp.swift; sourceTree = "<group>"; };
		E2C76C0A2B4E14550080F669 /* Assets.xcassets */ = {isa = PBXFileReference; lastKnownFileType = folder.assetcatalog; path = Assets.xcassets; sourceTree = "<group>"; };
		E2C76C0D2B4E14550080F669 /* Preview Assets.xcassets */ = {isa = PBXFileReference; lastKnownFileType = folder.assetcatalog; path = "Preview Assets.xcassets"; sourceTree = "<group>"; };
		E2DE85322B6DBB7500D1AF12 /* SavedLocations.swift */ = {isa = PBXFileReference; lastKnownFileType = sourcecode.swift; path = SavedLocations.swift; sourceTree = "<group>"; };
		E2ECE2EA2B53756600FA4BDB /* SearchListView.swift */ = {isa = PBXFileReference; lastKnownFileType = sourcecode.swift; path = SearchListView.swift; sourceTree = "<group>"; };
/* End PBXFileReference section */

/* Begin PBXFrameworksBuildPhase section */
		E2C76C002B4E14550080F669 /* Frameworks */ = {
			isa = PBXFrameworksBuildPhase;
			buildActionMask = 2147483647;
			files = (
				E286FF8A2B560B4300C9782A /* ClusterMapSwiftUI in Frameworks */,
				E286FF882B560B4300C9782A /* ClusterMap in Frameworks */,
			);
			runOnlyForDeploymentPostprocessing = 0;
		};
/* End PBXFrameworksBuildPhase section */

/* Begin PBXGroup section */
		E22D10E82B574F3600BD4A8C /* ClusterMap */ = {
			isa = PBXGroup;
			children = (
				E286FF8D2B5610A500C9782A /* ClusterManager.swift */,
				E286FF902B5614D900C9782A /* SizeReader.swift */,
			);
			path = ClusterMap;
			sourceTree = "<group>";
		};
		E233E68B2B58E6320040E1B5 /* Models */ = {
			isa = PBXGroup;
			children = (
				E24A43AE2B4E2B5C006B1B2A /* HauntedLocation.swift */,
				E294BD732B50C4D900C5C39C /* GoogleData.swift */,
			);
			path = Models;
			sourceTree = "<group>";
		};
		E27904492B64CE990034939B /* Styles */ = {
			isa = PBXGroup;
			children = (
				E279044E2B64D0420034939B /* Buttons.swift */,
			);
			path = Styles;
			sourceTree = "<group>";
		};
		E2C6BA232B58C72700CDB792 /* Managers */ = {
			isa = PBXGroup;
			children = (
				E233E6892B58E6200040E1B5 /* GoogleImageManager.swift */,
			);
			path = Managers;
			sourceTree = "<group>";
		};
		E2C76BFA2B4E14550080F669 = {
			isa = PBXGroup;
			children = (
				E2C76C052B4E14550080F669 /* CryptidCoordinates */,
				E2C76C042B4E14550080F669 /* Products */,
			);
			sourceTree = "<group>";
		};
		E2C76C042B4E14550080F669 /* Products */ = {
			isa = PBXGroup;
			children = (
				E2C76C032B4E14550080F669 /* CryptidCoordinates.app */,
			);
			name = Products;
			sourceTree = "<group>";
		};
		E2C76C052B4E14550080F669 /* CryptidCoordinates */ = {
			isa = PBXGroup;
			children = (
				E2C76C062B4E14550080F669 /* CryptidCoordinatesApp.swift */,
				E279044C2B64CFE40034939B /* BundleDecode.swift */,
				E27395CB2B4E391200D70108 /* hauntedplaces.json */,
				E2C76C182B4E15940080F669 /* Views */,
				E2C76C162B4E157B0080F669 /* ViewModels */,
				E2C6BA232B58C72700CDB792 /* Managers */,
				E233E68B2B58E6320040E1B5 /* Models */,
				E27904492B64CE990034939B /* Styles */,
				E22D10E82B574F3600BD4A8C /* ClusterMap */,
				E2C76C0A2B4E14550080F669 /* Assets.xcassets */,
				E2C76C0C2B4E14550080F669 /* Preview Content */,
			);
			path = CryptidCoordinates;
			sourceTree = "<group>";
		};
		E2C76C0C2B4E14550080F669 /* Preview Content */ = {
			isa = PBXGroup;
			children = (
				E2C76C0D2B4E14550080F669 /* Preview Assets.xcassets */,
			);
			path = "Preview Content";
			sourceTree = "<group>";
		};
		E2C76C162B4E157B0080F669 /* ViewModels */ = {
			isa = PBXGroup;
			children = (
				E24A43AA2B4E2475006B1B2A /* Map.swift */,
				E216EB0C2B4FA4D70006AB32 /* LocationDetail.swift */,
				E2DE85322B6DBB7500D1AF12 /* SavedLocations.swift */,
				E2BC84242B54A568005681F9 /* SearchList.swift */,
			);
			path = ViewModels;
			sourceTree = "<group>";
		};
		E2C76C182B4E15940080F669 /* Views */ = {
			isa = PBXGroup;
			children = (
				E286FF8B2B56109F00C9782A /* MapView.swift */,
				E27395D12B4E59BB00D70108 /* LocationDetailView.swift */,
				E2ECE2EA2B53756600FA4BDB /* SearchListView.swift */,
				E286FF842B56049300C9782A /* MapAnnotationView.swift */,
				E22D10E52B57436500BD4A8C /* MapClusterView.swift */,
				E28A75DD2B5A460C00B6176A /* PreviewView.swift */,
				E27904502B64D8240034939B /* SavedLocationView.swift */,
			);
			path = Views;
			sourceTree = "<group>";
		};
/* End PBXGroup section */

/* Begin PBXNativeTarget section */
		E2C76C022B4E14550080F669 /* CryptidCoordinates */ = {
			isa = PBXNativeTarget;
			buildConfigurationList = E2C76C112B4E14550080F669 /* Build configuration list for PBXNativeTarget "CryptidCoordinates" */;
			buildPhases = (
				E2C76BFF2B4E14550080F669 /* Sources */,
				E2C76C002B4E14550080F669 /* Frameworks */,
				E2C76C012B4E14550080F669 /* Resources */,
			);
			buildRules = (
			);
			dependencies = (
			);
			name = CryptidCoordinates;
			packageProductDependencies = (
				E286FF872B560B4300C9782A /* ClusterMap */,
				E286FF892B560B4300C9782A /* ClusterMapSwiftUI */,
			);
			productName = CryptidCoordinates;
			productReference = E2C76C032B4E14550080F669 /* CryptidCoordinates.app */;
			productType = "com.apple.product-type.application";
		};
/* End PBXNativeTarget section */

/* Begin PBXProject section */
		E2C76BFB2B4E14550080F669 /* Project object */ = {
			isa = PBXProject;
			attributes = {
				BuildIndependentTargetsInParallel = 1;
				LastSwiftUpdateCheck = 1500;
				LastUpgradeCheck = 1500;
				TargetAttributes = {
					E2C76C022B4E14550080F669 = {
						CreatedOnToolsVersion = 15.0.1;
					};
				};
			};
			buildConfigurationList = E2C76BFE2B4E14550080F669 /* Build configuration list for PBXProject "CryptidCoordinates" */;
			compatibilityVersion = "Xcode 14.0";
			developmentRegion = en;
			hasScannedForEncodings = 0;
			knownRegions = (
				en,
				Base,
			);
			mainGroup = E2C76BFA2B4E14550080F669;
			packageReferences = (
				E286FF862B560B4300C9782A /* XCRemoteSwiftPackageReference "ClusterMap" */,
			);
			productRefGroup = E2C76C042B4E14550080F669 /* Products */;
			projectDirPath = "";
			projectRoot = "";
			targets = (
				E2C76C022B4E14550080F669 /* CryptidCoordinates */,
			);
		};
/* End PBXProject section */

/* Begin PBXResourcesBuildPhase section */
		E2C76C012B4E14550080F669 /* Resources */ = {
			isa = PBXResourcesBuildPhase;
			buildActionMask = 2147483647;
			files = (
				E2C76C0E2B4E14550080F669 /* Preview Assets.xcassets in Resources */,
				E2C76C0B2B4E14550080F669 /* Assets.xcassets in Resources */,
				E27395CC2B4E391200D70108 /* hauntedplaces.json in Resources */,
			);
			runOnlyForDeploymentPostprocessing = 0;
		};
/* End PBXResourcesBuildPhase section */

/* Begin PBXSourcesBuildPhase section */
		E2C76BFF2B4E14550080F669 /* Sources */ = {
			isa = PBXSourcesBuildPhase;
			buildActionMask = 2147483647;
			files = (
				E286FF8C2B56109F00C9782A /* MapView.swift in Sources */,
				E24A43AB2B4E2475006B1B2A /* Map.swift in Sources */,
				E216EB0D2B4FA4D70006AB32 /* LocationDetail.swift in Sources */,
				E294BD742B50C4D900C5C39C /* GoogleData.swift in Sources */,
				E286FF8E2B5610A500C9782A /* ClusterManager.swift in Sources */,
				E28A75DE2B5A460C00B6176A /* PreviewView.swift in Sources */,
				E27395D22B4E59BB00D70108 /* LocationDetailView.swift in Sources */,
				E286FF912B5614D900C9782A /* SizeReader.swift in Sources */,
				E233E68A2B58E6200040E1B5 /* GoogleImageManager.swift in Sources */,
				E2C76C072B4E14550080F669 /* CryptidCoordinatesApp.swift in Sources */,
				E2ECE2EB2B53756600FA4BDB /* SearchListView.swift in Sources */,
				E2DE85332B6DBB7500D1AF12 /* SavedLocations.swift in Sources */,
				E24A43AF2B4E2B5C006B1B2A /* HauntedLocation.swift in Sources */,
				E22D10E62B57436500BD4A8C /* MapClusterView.swift in Sources */,
				E2BC84252B54A568005681F9 /* SearchList.swift in Sources */,
				E279044F2B64D0420034939B /* Buttons.swift in Sources */,
				E27904512B64D8240034939B /* SavedLocationView.swift in Sources */,
				E286FF852B56049300C9782A /* MapAnnotationView.swift in Sources */,
				E279044D2B64CFE40034939B /* BundleDecode.swift in Sources */,
			);
			runOnlyForDeploymentPostprocessing = 0;
		};
/* End PBXSourcesBuildPhase section */

/* Begin XCBuildConfiguration section */
		E2C76C0F2B4E14550080F669 /* Debug */ = {
			isa = XCBuildConfiguration;
			buildSettings = {
				ALWAYS_SEARCH_USER_PATHS = NO;
				ASSETCATALOG_COMPILER_GENERATE_SWIFT_ASSET_SYMBOL_EXTENSIONS = YES;
				CLANG_ANALYZER_NONNULL = YES;
				CLANG_ANALYZER_NUMBER_OBJECT_CONVERSION = YES_AGGRESSIVE;
				CLANG_CXX_LANGUAGE_STANDARD = "gnu++20";
				CLANG_ENABLE_MODULES = YES;
				CLANG_ENABLE_OBJC_ARC = YES;
				CLANG_ENABLE_OBJC_WEAK = YES;
				CLANG_WARN_BLOCK_CAPTURE_AUTORELEASING = YES;
				CLANG_WARN_BOOL_CONVERSION = YES;
				CLANG_WARN_COMMA = YES;
				CLANG_WARN_CONSTANT_CONVERSION = YES;
				CLANG_WARN_DEPRECATED_OBJC_IMPLEMENTATIONS = YES;
				CLANG_WARN_DIRECT_OBJC_ISA_USAGE = YES_ERROR;
				CLANG_WARN_DOCUMENTATION_COMMENTS = YES;
				CLANG_WARN_EMPTY_BODY = YES;
				CLANG_WARN_ENUM_CONVERSION = YES;
				CLANG_WARN_INFINITE_RECURSION = YES;
				CLANG_WARN_INT_CONVERSION = YES;
				CLANG_WARN_NON_LITERAL_NULL_CONVERSION = YES;
				CLANG_WARN_OBJC_IMPLICIT_RETAIN_SELF = YES;
				CLANG_WARN_OBJC_LITERAL_CONVERSION = YES;
				CLANG_WARN_OBJC_ROOT_CLASS = YES_ERROR;
				CLANG_WARN_QUOTED_INCLUDE_IN_FRAMEWORK_HEADER = YES;
				CLANG_WARN_RANGE_LOOP_ANALYSIS = YES;
				CLANG_WARN_STRICT_PROTOTYPES = YES;
				CLANG_WARN_SUSPICIOUS_MOVE = YES;
				CLANG_WARN_UNGUARDED_AVAILABILITY = YES_AGGRESSIVE;
				CLANG_WARN_UNREACHABLE_CODE = YES;
				CLANG_WARN__DUPLICATE_METHOD_MATCH = YES;
				COPY_PHASE_STRIP = NO;
				DEBUG_INFORMATION_FORMAT = dwarf;
				ENABLE_STRICT_OBJC_MSGSEND = YES;
				ENABLE_TESTABILITY = YES;
				ENABLE_USER_SCRIPT_SANDBOXING = YES;
				GCC_C_LANGUAGE_STANDARD = gnu17;
				GCC_DYNAMIC_NO_PIC = NO;
				GCC_NO_COMMON_BLOCKS = YES;
				GCC_OPTIMIZATION_LEVEL = 0;
				GCC_PREPROCESSOR_DEFINITIONS = (
					"DEBUG=1",
					"$(inherited)",
				);
				GCC_WARN_64_TO_32_BIT_CONVERSION = YES;
				GCC_WARN_ABOUT_RETURN_TYPE = YES_ERROR;
				GCC_WARN_UNDECLARED_SELECTOR = YES;
				GCC_WARN_UNINITIALIZED_AUTOS = YES_AGGRESSIVE;
				GCC_WARN_UNUSED_FUNCTION = YES;
				GCC_WARN_UNUSED_VARIABLE = YES;
				IPHONEOS_DEPLOYMENT_TARGET = 17.0;
				LOCALIZATION_PREFERS_STRING_CATALOGS = YES;
				MTL_ENABLE_DEBUG_INFO = INCLUDE_SOURCE;
				MTL_FAST_MATH = YES;
				ONLY_ACTIVE_ARCH = YES;
				SDKROOT = iphoneos;
				SWIFT_ACTIVE_COMPILATION_CONDITIONS = "DEBUG $(inherited)";
				SWIFT_OPTIMIZATION_LEVEL = "-Onone";
			};
			name = Debug;
		};
		E2C76C102B4E14550080F669 /* Release */ = {
			isa = XCBuildConfiguration;
			buildSettings = {
				ALWAYS_SEARCH_USER_PATHS = NO;
				ASSETCATALOG_COMPILER_GENERATE_SWIFT_ASSET_SYMBOL_EXTENSIONS = YES;
				CLANG_ANALYZER_NONNULL = YES;
				CLANG_ANALYZER_NUMBER_OBJECT_CONVERSION = YES_AGGRESSIVE;
				CLANG_CXX_LANGUAGE_STANDARD = "gnu++20";
				CLANG_ENABLE_MODULES = YES;
				CLANG_ENABLE_OBJC_ARC = YES;
				CLANG_ENABLE_OBJC_WEAK = YES;
				CLANG_WARN_BLOCK_CAPTURE_AUTORELEASING = YES;
				CLANG_WARN_BOOL_CONVERSION = YES;
				CLANG_WARN_COMMA = YES;
				CLANG_WARN_CONSTANT_CONVERSION = YES;
				CLANG_WARN_DEPRECATED_OBJC_IMPLEMENTATIONS = YES;
				CLANG_WARN_DIRECT_OBJC_ISA_USAGE = YES_ERROR;
				CLANG_WARN_DOCUMENTATION_COMMENTS = YES;
				CLANG_WARN_EMPTY_BODY = YES;
				CLANG_WARN_ENUM_CONVERSION = YES;
				CLANG_WARN_INFINITE_RECURSION = YES;
				CLANG_WARN_INT_CONVERSION = YES;
				CLANG_WARN_NON_LITERAL_NULL_CONVERSION = YES;
				CLANG_WARN_OBJC_IMPLICIT_RETAIN_SELF = YES;
				CLANG_WARN_OBJC_LITERAL_CONVERSION = YES;
				CLANG_WARN_OBJC_ROOT_CLASS = YES_ERROR;
				CLANG_WARN_QUOTED_INCLUDE_IN_FRAMEWORK_HEADER = YES;
				CLANG_WARN_RANGE_LOOP_ANALYSIS = YES;
				CLANG_WARN_STRICT_PROTOTYPES = YES;
				CLANG_WARN_SUSPICIOUS_MOVE = YES;
				CLANG_WARN_UNGUARDED_AVAILABILITY = YES_AGGRESSIVE;
				CLANG_WARN_UNREACHABLE_CODE = YES;
				CLANG_WARN__DUPLICATE_METHOD_MATCH = YES;
				COPY_PHASE_STRIP = NO;
				DEBUG_INFORMATION_FORMAT = "dwarf-with-dsym";
				ENABLE_NS_ASSERTIONS = NO;
				ENABLE_STRICT_OBJC_MSGSEND = YES;
				ENABLE_USER_SCRIPT_SANDBOXING = YES;
				GCC_C_LANGUAGE_STANDARD = gnu17;
				GCC_NO_COMMON_BLOCKS = YES;
				GCC_WARN_64_TO_32_BIT_CONVERSION = YES;
				GCC_WARN_ABOUT_RETURN_TYPE = YES_ERROR;
				GCC_WARN_UNDECLARED_SELECTOR = YES;
				GCC_WARN_UNINITIALIZED_AUTOS = YES_AGGRESSIVE;
				GCC_WARN_UNUSED_FUNCTION = YES;
				GCC_WARN_UNUSED_VARIABLE = YES;
				IPHONEOS_DEPLOYMENT_TARGET = 17.0;
				LOCALIZATION_PREFERS_STRING_CATALOGS = YES;
				MTL_ENABLE_DEBUG_INFO = NO;
				MTL_FAST_MATH = YES;
				SDKROOT = iphoneos;
				SWIFT_COMPILATION_MODE = wholemodule;
				VALIDATE_PRODUCT = YES;
			};
			name = Release;
		};
		E2C76C122B4E14550080F669 /* Debug */ = {
			isa = XCBuildConfiguration;
			buildSettings = {
				ASSETCATALOG_COMPILER_APPICON_NAME = AppIcon;
				ASSETCATALOG_COMPILER_GLOBAL_ACCENT_COLOR_NAME = AccentColor;
				CODE_SIGN_STYLE = Automatic;
				CURRENT_PROJECT_VERSION = 1;
				DEVELOPMENT_ASSET_PATHS = "\"CryptidCoordinates/Preview Content\"";
				DEVELOPMENT_TEAM = 94GUNU2NWX;
				ENABLE_PREVIEWS = YES;
				GENERATE_INFOPLIST_FILE = YES;
				INFOPLIST_FILE = CryptidCoordinates/Info.plist;
				INFOPLIST_KEY_NSLocationWhenInUseUsageDescription = "View haunted locations near your current location.";
				INFOPLIST_KEY_UIApplicationSceneManifest_Generation = YES;
				INFOPLIST_KEY_UIApplicationSupportsIndirectInputEvents = YES;
				INFOPLIST_KEY_UILaunchScreen_Generation = YES;
				INFOPLIST_KEY_UISupportedInterfaceOrientations_iPad = "UIInterfaceOrientationPortrait UIInterfaceOrientationPortraitUpsideDown UIInterfaceOrientationLandscapeLeft UIInterfaceOrientationLandscapeRight";
				INFOPLIST_KEY_UISupportedInterfaceOrientations_iPhone = "UIInterfaceOrientationPortrait UIInterfaceOrientationLandscapeLeft UIInterfaceOrientationLandscapeRight";
				LD_RUNPATH_SEARCH_PATHS = (
					"$(inherited)",
					"@executable_path/Frameworks",
				);
				MARKETING_VERSION = 1.0;
				PRODUCT_BUNDLE_IDENTIFIER = com.noahgiboney.CryptidCoordinates;
				PRODUCT_NAME = "$(TARGET_NAME)";
				SWIFT_EMIT_LOC_STRINGS = YES;
				SWIFT_VERSION = 5.0;
				TARGETED_DEVICE_FAMILY = "1,2";
			};
			name = Debug;
		};
		E2C76C132B4E14550080F669 /* Release */ = {
			isa = XCBuildConfiguration;
			buildSettings = {
				ASSETCATALOG_COMPILER_APPICON_NAME = AppIcon;
				ASSETCATALOG_COMPILER_GLOBAL_ACCENT_COLOR_NAME = AccentColor;
				CODE_SIGN_STYLE = Automatic;
				CURRENT_PROJECT_VERSION = 1;
				DEVELOPMENT_ASSET_PATHS = "\"CryptidCoordinates/Preview Content\"";
				DEVELOPMENT_TEAM = 94GUNU2NWX;
				ENABLE_PREVIEWS = YES;
				GENERATE_INFOPLIST_FILE = YES;
				INFOPLIST_FILE = CryptidCoordinates/Info.plist;
				INFOPLIST_KEY_NSLocationWhenInUseUsageDescription = "View haunted locations near your current location.";
				INFOPLIST_KEY_UIApplicationSceneManifest_Generation = YES;
				INFOPLIST_KEY_UIApplicationSupportsIndirectInputEvents = YES;
				INFOPLIST_KEY_UILaunchScreen_Generation = YES;
				INFOPLIST_KEY_UISupportedInterfaceOrientations_iPad = "UIInterfaceOrientationPortrait UIInterfaceOrientationPortraitUpsideDown UIInterfaceOrientationLandscapeLeft UIInterfaceOrientationLandscapeRight";
				INFOPLIST_KEY_UISupportedInterfaceOrientations_iPhone = "UIInterfaceOrientationPortrait UIInterfaceOrientationLandscapeLeft UIInterfaceOrientationLandscapeRight";
				LD_RUNPATH_SEARCH_PATHS = (
					"$(inherited)",
					"@executable_path/Frameworks",
				);
				MARKETING_VERSION = 1.0;
				PRODUCT_BUNDLE_IDENTIFIER = com.noahgiboney.CryptidCoordinates;
				PRODUCT_NAME = "$(TARGET_NAME)";
				SWIFT_EMIT_LOC_STRINGS = YES;
				SWIFT_VERSION = 5.0;
				TARGETED_DEVICE_FAMILY = "1,2";
			};
			name = Release;
		};
/* End XCBuildConfiguration section */

/* Begin XCConfigurationList section */
		E2C76BFE2B4E14550080F669 /* Build configuration list for PBXProject "CryptidCoordinates" */ = {
			isa = XCConfigurationList;
			buildConfigurations = (
				E2C76C0F2B4E14550080F669 /* Debug */,
				E2C76C102B4E14550080F669 /* Release */,
			);
			defaultConfigurationIsVisible = 0;
			defaultConfigurationName = Release;
		};
		E2C76C112B4E14550080F669 /* Build configuration list for PBXNativeTarget "CryptidCoordinates" */ = {
			isa = XCConfigurationList;
			buildConfigurations = (
				E2C76C122B4E14550080F669 /* Debug */,
				E2C76C132B4E14550080F669 /* Release */,
			);
			defaultConfigurationIsVisible = 0;
			defaultConfigurationName = Release;
		};
/* End XCConfigurationList section */

/* Begin XCRemoteSwiftPackageReference section */
		E286FF862B560B4300C9782A /* XCRemoteSwiftPackageReference "ClusterMap" */ = {
			isa = XCRemoteSwiftPackageReference;
			repositoryURL = "https://github.com/vospennikov/ClusterMap.git";
			requirement = {
				kind = upToNextMajorVersion;
				minimumVersion = 2.1.0;
			};
		};
/* End XCRemoteSwiftPackageReference section */

/* Begin XCSwiftPackageProductDependency section */
		E286FF872B560B4300C9782A /* ClusterMap */ = {
			isa = XCSwiftPackageProductDependency;
			package = E286FF862B560B4300C9782A /* XCRemoteSwiftPackageReference "ClusterMap" */;
			productName = ClusterMap;
		};
		E286FF892B560B4300C9782A /* ClusterMapSwiftUI */ = {
			isa = XCSwiftPackageProductDependency;
			package = E286FF862B560B4300C9782A /* XCRemoteSwiftPackageReference "ClusterMap" */;
			productName = ClusterMapSwiftUI;
		};
/* End XCSwiftPackageProductDependency section */
	};
	rootObject = E2C76BFB2B4E14550080F669 /* Project object */;
}
